// !$*UTF8*$!
{
	archiveVersion = 1;
	classes = {
	};
	objectVersion = 52;
	objects = {

/* Begin PBXBuildFile section */
		6007607826BD3BE100B27473 /* SideBar.swift in Sources */ = {isa = PBXBuildFile; fileRef = 6007607726BD3BE100B27473 /* SideBar.swift */; };
		6008F5E826DEE218002F53E0 /* GoogleService-Info.plist in Resources */ = {isa = PBXBuildFile; fileRef = 6008F5E726DEE218002F53E0 /* GoogleService-Info.plist */; };
		600EDE6A26BAE071002F6A6C /* InitialColorPicker.swift in Sources */ = {isa = PBXBuildFile; fileRef = 600EDE6926BAE071002F6A6C /* InitialColorPicker.swift */; };
		6010333B26BE992D00D1DA12 /* AppFaceIDTouchID.swift in Sources */ = {isa = PBXBuildFile; fileRef = 6010333A26BE992D00D1DA12 /* AppFaceIDTouchID.swift */; };
		6010333E26BEB26B00D1DA12 /* TabTaskPlusView.swift in Sources */ = {isa = PBXBuildFile; fileRef = 6010333D26BEB26B00D1DA12 /* TabTaskPlusView.swift */; };
		6010334026BEB28300D1DA12 /* TodaySettingsView.swift in Sources */ = {isa = PBXBuildFile; fileRef = 6010333F26BEB28300D1DA12 /* TodaySettingsView.swift */; };
		6010334226BEB29700D1DA12 /* ShowTodayDateView.swift in Sources */ = {isa = PBXBuildFile; fileRef = 6010334126BEB29700D1DA12 /* ShowTodayDateView.swift */; };
		6010334426BEB36600D1DA12 /* CheckboxField.swift in Sources */ = {isa = PBXBuildFile; fileRef = 6010334326BEB36600D1DA12 /* CheckboxField.swift */; };
		6010334626C0091900D1DA12 /* TempColorPickerModel .swift in Sources */ = {isa = PBXBuildFile; fileRef = 6010334526C0091900D1DA12 /* TempColorPickerModel .swift */; };
		6018EC5826BC49C200184DB4 /* ColorPalette+CoreDataClass.swift in Sources */ = {isa = PBXBuildFile; fileRef = 6018EC5626BC49C200184DB4 /* ColorPalette+CoreDataClass.swift */; };
		6018EC5926BC49C200184DB4 /* ColorPalette+CoreDataProperties.swift in Sources */ = {isa = PBXBuildFile; fileRef = 6018EC5726BC49C200184DB4 /* ColorPalette+CoreDataProperties.swift */; };
		6018EC5D26BC4A6300184DB4 /* ColorPalettePersistance.swift in Sources */ = {isa = PBXBuildFile; fileRef = 6018EC5C26BC4A6300184DB4 /* ColorPalettePersistance.swift */; };
		6025514726B30AD500D9F764 /* TypeReminderView.swift in Sources */ = {isa = PBXBuildFile; fileRef = 6025514626B30AD500D9F764 /* TypeReminderView.swift */; };
		6025514C26B4088000D9F764 /* ImageReminderView.swift in Sources */ = {isa = PBXBuildFile; fileRef = 6025514B26B4088000D9F764 /* ImageReminderView.swift */; };
		6028CAFF26AEEACD0062E189 /* InitialCanvasDrawingView.swift in Sources */ = {isa = PBXBuildFile; fileRef = 6028CAFE26AEEACD0062E189 /* InitialCanvasDrawingView.swift */; };
		602FB2A526E1175B00AED38F /* EditTaskViewSideBarImage.swift in Sources */ = {isa = PBXBuildFile; fileRef = 602FB2A426E1175B00AED38F /* EditTaskViewSideBarImage.swift */; };
		602FB2A726E122CB00AED38F /* EditTaskViewSideBarDrawing.swift in Sources */ = {isa = PBXBuildFile; fileRef = 602FB2A626E122CB00AED38F /* EditTaskViewSideBarDrawing.swift */; };
		602FB2A926E17B7E00AED38F /* NotificationDayPersistance.swift in Sources */ = {isa = PBXBuildFile; fileRef = 602FB2A826E17B7E00AED38F /* NotificationDayPersistance.swift */; };
		602FB2AC26E218DC00AED38F /* NotificationsDaysCoreModel.xcdatamodeld in Sources */ = {isa = PBXBuildFile; fileRef = 602FB2AA26E218DC00AED38F /* NotificationsDaysCoreModel.xcdatamodeld */; };
		602FB2AE26E21F7700AED38F /* NotificationViewRegister.swift in Sources */ = {isa = PBXBuildFile; fileRef = 602FB2AD26E21F7700AED38F /* NotificationViewRegister.swift */; };
		6034178126BC11AA00E0F6A3 /* TabColor.swift in Sources */ = {isa = PBXBuildFile; fileRef = 6034178026BC11AA00E0F6A3 /* TabColor.swift */; };
		6034178326BC11F500E0F6A3 /* HexToUIColor.swift in Sources */ = {isa = PBXBuildFile; fileRef = 6034178226BC11F500E0F6A3 /* HexToUIColor.swift */; };
		6065754E26B45D0F00EA0F4D /* ImagePicker.swift in Sources */ = {isa = PBXBuildFile; fileRef = 6065754D26B45D0F00EA0F4D /* ImagePicker.swift */; };
		6065755526B6BE7300EA0F4D /* AudioRecorder.swift in Sources */ = {isa = PBXBuildFile; fileRef = 6065755426B6BE7300EA0F4D /* AudioRecorder.swift */; };
		6065755726B6BF0300EA0F4D /* AudioRecorderView.swift in Sources */ = {isa = PBXBuildFile; fileRef = 6065755626B6BF0300EA0F4D /* AudioRecorderView.swift */; };
		60689B5826AB24E000ED426F /* HoursView.swift in Sources */ = {isa = PBXBuildFile; fileRef = 60689B5726AB24DF00ED426F /* HoursView.swift */; };
		60736D6126BBDAAE00FD3E3D /* SerializableColor.swift in Sources */ = {isa = PBXBuildFile; fileRef = 60736D6026BBDAAE00FD3E3D /* SerializableColor.swift */; };
		607D65D526DFA6EC005733D9 /* CalendarReminderView_iPhone.swift in Sources */ = {isa = PBXBuildFile; fileRef = 607D65D426DFA6EC005733D9 /* CalendarReminderView_iPhone.swift */; };
		6085359A26D4396E00450502 /* ActivityViewController.swift in Sources */ = {isa = PBXBuildFile; fileRef = 6085359926D4396E00450502 /* ActivityViewController.swift */; };
		6085359C26D43D3800450502 /* SharingSelectorClass.swift in Sources */ = {isa = PBXBuildFile; fileRef = 6085359B26D43D3800450502 /* SharingSelectorClass.swift */; };
		6085359F26D4452800450502 /* ShareREMAll.swift in Sources */ = {isa = PBXBuildFile; fileRef = 6085359E26D4452800450502 /* ShareREMAll.swift */; };
		608535A126D4462000450502 /* DrawingReminderView.swift in Sources */ = {isa = PBXBuildFile; fileRef = 608535A026D4462000450502 /* DrawingReminderView.swift */; };
		608E248926D3EE7F004754F0 /* MovableHourView.swift in Sources */ = {isa = PBXBuildFile; fileRef = 608E248826D3EE7F004754F0 /* MovableHourView.swift */; };
		60A17A4826DD79410014A86E /* SetupCard_Screen_Iphone.swift in Sources */ = {isa = PBXBuildFile; fileRef = 60A17A4726DD79410014A86E /* SetupCard_Screen_Iphone.swift */; };
		60A17A4A26DD7A1F0014A86E /* ListTypeSetupView_iPhone.swift in Sources */ = {isa = PBXBuildFile; fileRef = 60A17A4926DD7A1F0014A86E /* ListTypeSetupView_iPhone.swift */; };
		60A17A4C26DD7C350014A86E /* CreateInitialCalendarView_iPhone.swift in Sources */ = {isa = PBXBuildFile; fileRef = 60A17A4B26DD7C350014A86E /* CreateInitialCalendarView_iPhone.swift */; };
		60A17A4E26DD8AA80014A86E /* SignandCompleteView.swift in Sources */ = {isa = PBXBuildFile; fileRef = 60A17A4D26DD8AA80014A86E /* SignandCompleteView.swift */; };
		60A17A5126DD928D0014A86E /* Introspect in Frameworks */ = {isa = PBXBuildFile; productRef = 60A17A5026DD928D0014A86E /* Introspect */; };
		60A17A5426DE39180014A86E /* EditTaskViewSideBarTyped.swift in Sources */ = {isa = PBXBuildFile; fileRef = 60A17A5326DE39180014A86E /* EditTaskViewSideBarTyped.swift */; };
		60A17A5726DE4C0B0014A86E /* SwiftUINavigationBarColor in Frameworks */ = {isa = PBXBuildFile; productRef = 60A17A5626DE4C0B0014A86E /* SwiftUINavigationBarColor */; };
		60A17A5926DE7D280014A86E /* EditTaskViewSideBarAudio.swift in Sources */ = {isa = PBXBuildFile; fileRef = 60A17A5826DE7D280014A86E /* EditTaskViewSideBarAudio.swift */; };
		60C1E05126B880560040D425 /* Audio Player.swift in Sources */ = {isa = PBXBuildFile; fileRef = 60C1E05026B880560040D425 /* Audio Player.swift */; };
		60C1E05326B880C90040D425 /* AudioPlayerView.swift in Sources */ = {isa = PBXBuildFile; fileRef = 60C1E05226B880C90040D425 /* AudioPlayerView.swift */; };
		60C2DF6826B2CACD00347CE8 /* DrawingCanvas+CoreDataClass.swift in Sources */ = {isa = PBXBuildFile; fileRef = 60C2DF6626B2CACD00347CE8 /* DrawingCanvas+CoreDataClass.swift */; };
		60C2DF6926B2CACD00347CE8 /* DrawingCanvas+CoreDataProperties.swift in Sources */ = {isa = PBXBuildFile; fileRef = 60C2DF6726B2CACD00347CE8 /* DrawingCanvas+CoreDataProperties.swift */; };
		60C2DF6B26B2CC8900347CE8 /* TypeReminder.swift in Sources */ = {isa = PBXBuildFile; fileRef = 60C2DF6A26B2CC8900347CE8 /* TypeReminder.swift */; };
		60CBECAF26A84E3A0020703D /* ToDoTodayApp.swift in Sources */ = {isa = PBXBuildFile; fileRef = 60CBECAE26A84E3A0020703D /* ToDoTodayApp.swift */; };
		60CBECB126A84E3A0020703D /* ContentView.swift in Sources */ = {isa = PBXBuildFile; fileRef = 60CBECB026A84E3A0020703D /* ContentView.swift */; };
		60CBECB326A84E3B0020703D /* Assets.xcassets in Resources */ = {isa = PBXBuildFile; fileRef = 60CBECB226A84E3B0020703D /* Assets.xcassets */; };
		60CBECB626A84E3B0020703D /* Preview Assets.xcassets in Resources */ = {isa = PBXBuildFile; fileRef = 60CBECB526A84E3B0020703D /* Preview Assets.xcassets */; };
		60CBECC026A84F730020703D /* CloudKit.framework in Frameworks */ = {isa = PBXBuildFile; fileRef = 60CBECBF26A84F730020703D /* CloudKit.framework */; };
		60CBECC426A8500C0020703D /* SetupCard Screen.swift in Sources */ = {isa = PBXBuildFile; fileRef = 60CBECC326A8500C0020703D /* SetupCard Screen.swift */; };
		60CBECC626A8501E0020703D /* UserPreferenceModel.swift in Sources */ = {isa = PBXBuildFile; fileRef = 60CBECC526A8501E0020703D /* UserPreferenceModel.swift */; };
		60CBECC826A850330020703D /* ListTypeSetupView.swift in Sources */ = {isa = PBXBuildFile; fileRef = 60CBECC726A850330020703D /* ListTypeSetupView.swift */; };
		60CBECCA26A850570020703D /* NotificationPermessionView.swift in Sources */ = {isa = PBXBuildFile; fileRef = 60CBECC926A850570020703D /* NotificationPermessionView.swift */; };
		60CBECCC26A8506B0020703D /* iCloudSyncView.swift in Sources */ = {isa = PBXBuildFile; fileRef = 60CBECCB26A8506B0020703D /* iCloudSyncView.swift */; };
		60CBECCE26A850840020703D /* TermsandConditionView.swift in Sources */ = {isa = PBXBuildFile; fileRef = 60CBECCD26A850840020703D /* TermsandConditionView.swift */; };
		60CBECD126A850E70020703D /* Lottie in Frameworks */ = {isa = PBXBuildFile; productRef = 60CBECD026A850E70020703D /* Lottie */; };
		60CBECD426A8510E0020703D /* LottieView.swift in Sources */ = {isa = PBXBuildFile; fileRef = 60CBECD326A8510E0020703D /* LottieView.swift */; };
		60CBECD826A851780020703D /* SwipeUpLottie.json in Resources */ = {isa = PBXBuildFile; fileRef = 60CBECD626A851780020703D /* SwipeUpLottie.json */; };
		60CBECD926A851780020703D /* GoingofPlaneLottie.json in Resources */ = {isa = PBXBuildFile; fileRef = 60CBECD726A851780020703D /* GoingofPlaneLottie.json */; };
		60CBECDC26A851CB0020703D /* DrawingCanvasView.swift in Sources */ = {isa = PBXBuildFile; fileRef = 60CBECDB26A851CB0020703D /* DrawingCanvasView.swift */; };
		60CBECDE26A851E20020703D /* DrawingCanvasViewController.swift in Sources */ = {isa = PBXBuildFile; fileRef = 60CBECDD26A851E20020703D /* DrawingCanvasViewController.swift */; };
		60CBECE226A852050020703D /* DrawingCanvasCoreDataModel.xcdatamodeld in Sources */ = {isa = PBXBuildFile; fileRef = 60CBECE026A852050020703D /* DrawingCanvasCoreDataModel.xcdatamodeld */; };
		60CBECE526A852440020703D /* Persistance.swift in Sources */ = {isa = PBXBuildFile; fileRef = 60CBECE426A852440020703D /* Persistance.swift */; };
		60CBECE726A8525E0020703D /* TodayCanvasView.swift in Sources */ = {isa = PBXBuildFile; fileRef = 60CBECE626A8525E0020703D /* TodayCanvasView.swift */; };
		60CBECE926A8527E0020703D /* CalendarReminderView.swift in Sources */ = {isa = PBXBuildFile; fileRef = 60CBECE826A8527E0020703D /* CalendarReminderView.swift */; };
		60CBECEB26A852930020703D /* PlaceholderView.swift in Sources */ = {isa = PBXBuildFile; fileRef = 60CBECEA26A852930020703D /* PlaceholderView.swift */; };
		60CBECED26A852A70020703D /* AddNewCanvasView.swift in Sources */ = {isa = PBXBuildFile; fileRef = 60CBECEC26A852A70020703D /* AddNewCanvasView.swift */; };
		60CBECEF26A852BA0020703D /* DrawingView.swift in Sources */ = {isa = PBXBuildFile; fileRef = 60CBECEE26A852BA0020703D /* DrawingView.swift */; };
		60D0054426CC5CBB009E68EA /* TaskNotDoneFromPreviousDay.swift in Sources */ = {isa = PBXBuildFile; fileRef = 60D0054326CC5CBB009E68EA /* TaskNotDoneFromPreviousDay.swift */; };
		60D0054726CC720B009E68EA /* OutDatedTypedREM.swift in Sources */ = {isa = PBXBuildFile; fileRef = 60D0054626CC720B009E68EA /* OutDatedTypedREM.swift */; };
		60D0054926CC7247009E68EA /* OutDatedImageREMView.swift in Sources */ = {isa = PBXBuildFile; fileRef = 60D0054826CC7247009E68EA /* OutDatedImageREMView.swift */; };
		60D0054B26CC7251009E68EA /* OutDatedAudioREMView.swift in Sources */ = {isa = PBXBuildFile; fileRef = 60D0054A26CC7251009E68EA /* OutDatedAudioREMView.swift */; };
		60D0EC9B26B094D0001E98EE /* HourOfDay.swift in Sources */ = {isa = PBXBuildFile; fileRef = 60D0EC9A26B094D0001E98EE /* HourOfDay.swift */; };
		60D0EC9D26B09559001E98EE /* Array Extension.swift in Sources */ = {isa = PBXBuildFile; fileRef = 60D0EC9C26B09559001E98EE /* Array Extension.swift */; };
		60D0EC9F26B095BA001E98EE /* ForEach with Index Localisations.swift in Sources */ = {isa = PBXBuildFile; fileRef = 60D0EC9E26B095BA001E98EE /* ForEach with Index Localisations.swift */; };
		60D2FA1426E009CA003E5548 /* ColorPaletteCoreDataModel.xcdatamodeld in Sources */ = {isa = PBXBuildFile; fileRef = 6018EC5326BC491600184DB4 /* ColorPaletteCoreDataModel.xcdatamodeld */; };
		60D2FA1626E00E7B003E5548 /* DeviceRotationWatcher.swift in Sources */ = {isa = PBXBuildFile; fileRef = 60D2FA1526E00E7B003E5548 /* DeviceRotationWatcher.swift */; };
		60D8079726DEEE5E00B325D0 /* Interstitial.swift in Sources */ = {isa = PBXBuildFile; fileRef = 60D8079626DEEE5E00B325D0 /* Interstitial.swift */; };
		60E2E64926A85E4500B1BAA6 /* undismissableVC.swift in Sources */ = {isa = PBXBuildFile; fileRef = 60E2E64826A85E4500B1BAA6 /* undismissableVC.swift */; };
		60E2E64B26A85E8E00B1BAA6 /* DisableModalDismiss.swift in Sources */ = {isa = PBXBuildFile; fileRef = 60E2E64A26A85E8E00B1BAA6 /* DisableModalDismiss.swift */; };
		60E5F35926AD8F1100F1E609 /* CalendarView.swift in Sources */ = {isa = PBXBuildFile; fileRef = 60E5F35826AD8F1100F1E609 /* CalendarView.swift */; };
		60F0489F26CBB41F003FE055 /* CreateInitialCalendarView.swift in Sources */ = {isa = PBXBuildFile; fileRef = 60F0489E26CBB41F003FE055 /* CreateInitialCalendarView.swift */; };
		60FE78A326DFBC9000CABB4C /* TodayCanvasView_iPhone.swift in Sources */ = {isa = PBXBuildFile; fileRef = 60FE78A226DFBC9000CABB4C /* TodayCanvasView_iPhone.swift */; };
		60FE78A526DFBD4600CABB4C /* CalendarView_iPhone.swift in Sources */ = {isa = PBXBuildFile; fileRef = 60FE78A426DFBD4600CABB4C /* CalendarView_iPhone.swift */; };
		CB0EE5533094017F9EF2ED6D /* Pods_ToDoToday.framework in Frameworks */ = {isa = PBXBuildFile; fileRef = 64C0CE93685B6070F9FE429D /* Pods_ToDoToday.framework */; };
/* End PBXBuildFile section */

/* Begin PBXFileReference section */
		6007607726BD3BE100B27473 /* SideBar.swift */ = {isa = PBXFileReference; lastKnownFileType = sourcecode.swift; path = SideBar.swift; sourceTree = "<group>"; };
		6008F5E726DEE218002F53E0 /* GoogleService-Info.plist */ = {isa = PBXFileReference; fileEncoding = 4; lastKnownFileType = text.plist.xml; path = "GoogleService-Info.plist"; sourceTree = "<group>"; };
		600EDE6926BAE071002F6A6C /* InitialColorPicker.swift */ = {isa = PBXFileReference; lastKnownFileType = sourcecode.swift; path = InitialColorPicker.swift; sourceTree = "<group>"; };
		6010333A26BE992D00D1DA12 /* AppFaceIDTouchID.swift */ = {isa = PBXFileReference; lastKnownFileType = sourcecode.swift; path = AppFaceIDTouchID.swift; sourceTree = "<group>"; };
		6010333D26BEB26B00D1DA12 /* TabTaskPlusView.swift */ = {isa = PBXFileReference; lastKnownFileType = sourcecode.swift; path = TabTaskPlusView.swift; sourceTree = "<group>"; };
		6010333F26BEB28300D1DA12 /* TodaySettingsView.swift */ = {isa = PBXFileReference; lastKnownFileType = sourcecode.swift; path = TodaySettingsView.swift; sourceTree = "<group>"; };
		6010334126BEB29700D1DA12 /* ShowTodayDateView.swift */ = {isa = PBXFileReference; lastKnownFileType = sourcecode.swift; path = ShowTodayDateView.swift; sourceTree = "<group>"; };
		6010334326BEB36600D1DA12 /* CheckboxField.swift */ = {isa = PBXFileReference; lastKnownFileType = sourcecode.swift; path = CheckboxField.swift; sourceTree = "<group>"; };
		6010334526C0091900D1DA12 /* TempColorPickerModel .swift */ = {isa = PBXFileReference; lastKnownFileType = sourcecode.swift; path = "TempColorPickerModel .swift"; sourceTree = "<group>"; };
		6018EC5426BC491600184DB4 /* ColorPaletteCoreData.xcdatamodel */ = {isa = PBXFileReference; lastKnownFileType = wrapper.xcdatamodel; path = ColorPaletteCoreData.xcdatamodel; sourceTree = "<group>"; };
		6018EC5626BC49C200184DB4 /* ColorPalette+CoreDataClass.swift */ = {isa = PBXFileReference; lastKnownFileType = sourcecode.swift; path = "ColorPalette+CoreDataClass.swift"; sourceTree = "<group>"; };
		6018EC5726BC49C200184DB4 /* ColorPalette+CoreDataProperties.swift */ = {isa = PBXFileReference; lastKnownFileType = sourcecode.swift; path = "ColorPalette+CoreDataProperties.swift"; sourceTree = "<group>"; };
		6018EC5C26BC4A6300184DB4 /* ColorPalettePersistance.swift */ = {isa = PBXFileReference; lastKnownFileType = sourcecode.swift; path = ColorPalettePersistance.swift; sourceTree = "<group>"; };
		6025514626B30AD500D9F764 /* TypeReminderView.swift */ = {isa = PBXFileReference; lastKnownFileType = sourcecode.swift; path = TypeReminderView.swift; sourceTree = "<group>"; };
		6025514B26B4088000D9F764 /* ImageReminderView.swift */ = {isa = PBXFileReference; lastKnownFileType = sourcecode.swift; path = ImageReminderView.swift; sourceTree = "<group>"; };
		6028CAFE26AEEACD0062E189 /* InitialCanvasDrawingView.swift */ = {isa = PBXFileReference; lastKnownFileType = sourcecode.swift; path = InitialCanvasDrawingView.swift; sourceTree = "<group>"; };
		602FB2A426E1175B00AED38F /* EditTaskViewSideBarImage.swift */ = {isa = PBXFileReference; lastKnownFileType = sourcecode.swift; path = EditTaskViewSideBarImage.swift; sourceTree = "<group>"; };
		602FB2A626E122CB00AED38F /* EditTaskViewSideBarDrawing.swift */ = {isa = PBXFileReference; lastKnownFileType = sourcecode.swift; path = EditTaskViewSideBarDrawing.swift; sourceTree = "<group>"; };
		602FB2A826E17B7E00AED38F /* NotificationDayPersistance.swift */ = {isa = PBXFileReference; lastKnownFileType = sourcecode.swift; path = NotificationDayPersistance.swift; sourceTree = "<group>"; };
		602FB2AB26E218DC00AED38F /* NotificationsDaysCoreModel.xcdatamodel */ = {isa = PBXFileReference; lastKnownFileType = wrapper.xcdatamodel; path = NotificationsDaysCoreModel.xcdatamodel; sourceTree = "<group>"; };
		602FB2AD26E21F7700AED38F /* NotificationViewRegister.swift */ = {isa = PBXFileReference; lastKnownFileType = sourcecode.swift; path = NotificationViewRegister.swift; sourceTree = "<group>"; };
		6034178026BC11AA00E0F6A3 /* TabColor.swift */ = {isa = PBXFileReference; lastKnownFileType = sourcecode.swift; path = TabColor.swift; sourceTree = "<group>"; };
		6034178226BC11F500E0F6A3 /* HexToUIColor.swift */ = {isa = PBXFileReference; lastKnownFileType = sourcecode.swift; path = HexToUIColor.swift; sourceTree = "<group>"; };
		6065754D26B45D0F00EA0F4D /* ImagePicker.swift */ = {isa = PBXFileReference; fileEncoding = 4; lastKnownFileType = sourcecode.swift; path = ImagePicker.swift; sourceTree = "<group>"; };
		6065755426B6BE7300EA0F4D /* AudioRecorder.swift */ = {isa = PBXFileReference; lastKnownFileType = sourcecode.swift; path = AudioRecorder.swift; sourceTree = "<group>"; };
		6065755626B6BF0300EA0F4D /* AudioRecorderView.swift */ = {isa = PBXFileReference; lastKnownFileType = sourcecode.swift; path = AudioRecorderView.swift; sourceTree = "<group>"; };
		60689B5726AB24DF00ED426F /* HoursView.swift */ = {isa = PBXFileReference; lastKnownFileType = sourcecode.swift; path = HoursView.swift; sourceTree = "<group>"; };
		60736D6026BBDAAE00FD3E3D /* SerializableColor.swift */ = {isa = PBXFileReference; lastKnownFileType = sourcecode.swift; path = SerializableColor.swift; sourceTree = "<group>"; };
		607D65D426DFA6EC005733D9 /* CalendarReminderView_iPhone.swift */ = {isa = PBXFileReference; lastKnownFileType = sourcecode.swift; path = CalendarReminderView_iPhone.swift; sourceTree = "<group>"; };
		6085359926D4396E00450502 /* ActivityViewController.swift */ = {isa = PBXFileReference; lastKnownFileType = sourcecode.swift; path = ActivityViewController.swift; sourceTree = "<group>"; };
		6085359B26D43D3800450502 /* SharingSelectorClass.swift */ = {isa = PBXFileReference; lastKnownFileType = sourcecode.swift; path = SharingSelectorClass.swift; sourceTree = "<group>"; };
		6085359E26D4452800450502 /* ShareREMAll.swift */ = {isa = PBXFileReference; lastKnownFileType = sourcecode.swift; path = ShareREMAll.swift; sourceTree = "<group>"; };
		608535A026D4462000450502 /* DrawingReminderView.swift */ = {isa = PBXFileReference; lastKnownFileType = sourcecode.swift; path = DrawingReminderView.swift; sourceTree = "<group>"; };
		608E248826D3EE7F004754F0 /* MovableHourView.swift */ = {isa = PBXFileReference; lastKnownFileType = sourcecode.swift; path = MovableHourView.swift; sourceTree = "<group>"; };
		60A17A4726DD79410014A86E /* SetupCard_Screen_Iphone.swift */ = {isa = PBXFileReference; lastKnownFileType = sourcecode.swift; path = SetupCard_Screen_Iphone.swift; sourceTree = "<group>"; };
		60A17A4926DD7A1F0014A86E /* ListTypeSetupView_iPhone.swift */ = {isa = PBXFileReference; lastKnownFileType = sourcecode.swift; path = ListTypeSetupView_iPhone.swift; sourceTree = "<group>"; };
		60A17A4B26DD7C350014A86E /* CreateInitialCalendarView_iPhone.swift */ = {isa = PBXFileReference; lastKnownFileType = sourcecode.swift; path = CreateInitialCalendarView_iPhone.swift; sourceTree = "<group>"; };
		60A17A4D26DD8AA80014A86E /* SignandCompleteView.swift */ = {isa = PBXFileReference; lastKnownFileType = sourcecode.swift; path = SignandCompleteView.swift; sourceTree = "<group>"; };
		60A17A5326DE39180014A86E /* EditTaskViewSideBarTyped.swift */ = {isa = PBXFileReference; lastKnownFileType = sourcecode.swift; path = EditTaskViewSideBarTyped.swift; sourceTree = "<group>"; };
		60A17A5826DE7D280014A86E /* EditTaskViewSideBarAudio.swift */ = {isa = PBXFileReference; lastKnownFileType = sourcecode.swift; path = EditTaskViewSideBarAudio.swift; sourceTree = "<group>"; };
		60C1E05026B880560040D425 /* Audio Player.swift */ = {isa = PBXFileReference; lastKnownFileType = sourcecode.swift; path = "Audio Player.swift"; sourceTree = "<group>"; };
		60C1E05226B880C90040D425 /* AudioPlayerView.swift */ = {isa = PBXFileReference; lastKnownFileType = sourcecode.swift; path = AudioPlayerView.swift; sourceTree = "<group>"; };
		60C2DF6626B2CACD00347CE8 /* DrawingCanvas+CoreDataClass.swift */ = {isa = PBXFileReference; lastKnownFileType = sourcecode.swift; path = "DrawingCanvas+CoreDataClass.swift"; sourceTree = "<group>"; };
		60C2DF6726B2CACD00347CE8 /* DrawingCanvas+CoreDataProperties.swift */ = {isa = PBXFileReference; lastKnownFileType = sourcecode.swift; path = "DrawingCanvas+CoreDataProperties.swift"; sourceTree = "<group>"; };
		60C2DF6A26B2CC8900347CE8 /* TypeReminder.swift */ = {isa = PBXFileReference; lastKnownFileType = sourcecode.swift; path = TypeReminder.swift; sourceTree = "<group>"; };
		60CBECAB26A84E3A0020703D /* ToDoToday.app */ = {isa = PBXFileReference; explicitFileType = wrapper.application; includeInIndex = 0; path = ToDoToday.app; sourceTree = BUILT_PRODUCTS_DIR; };
		60CBECAE26A84E3A0020703D /* ToDoTodayApp.swift */ = {isa = PBXFileReference; lastKnownFileType = sourcecode.swift; path = ToDoTodayApp.swift; sourceTree = "<group>"; };
		60CBECB026A84E3A0020703D /* ContentView.swift */ = {isa = PBXFileReference; lastKnownFileType = sourcecode.swift; path = ContentView.swift; sourceTree = "<group>"; };
		60CBECB226A84E3B0020703D /* Assets.xcassets */ = {isa = PBXFileReference; lastKnownFileType = folder.assetcatalog; path = Assets.xcassets; sourceTree = "<group>"; };
		60CBECB526A84E3B0020703D /* Preview Assets.xcassets */ = {isa = PBXFileReference; lastKnownFileType = folder.assetcatalog; path = "Preview Assets.xcassets"; sourceTree = "<group>"; };
		60CBECB726A84E3B0020703D /* Info.plist */ = {isa = PBXFileReference; lastKnownFileType = text.plist.xml; path = Info.plist; sourceTree = "<group>"; };
		60CBECBD26A84E4D0020703D /* ToDoToday.entitlements */ = {isa = PBXFileReference; lastKnownFileType = text.plist.entitlements; path = ToDoToday.entitlements; sourceTree = "<group>"; };
		60CBECBF26A84F730020703D /* CloudKit.framework */ = {isa = PBXFileReference; lastKnownFileType = wrapper.framework; name = CloudKit.framework; path = System/Library/Frameworks/CloudKit.framework; sourceTree = SDKROOT; };
		60CBECC326A8500C0020703D /* SetupCard Screen.swift */ = {isa = PBXFileReference; lastKnownFileType = sourcecode.swift; path = "SetupCard Screen.swift"; sourceTree = "<group>"; };
		60CBECC526A8501E0020703D /* UserPreferenceModel.swift */ = {isa = PBXFileReference; lastKnownFileType = sourcecode.swift; path = UserPreferenceModel.swift; sourceTree = "<group>"; };
		60CBECC726A850330020703D /* ListTypeSetupView.swift */ = {isa = PBXFileReference; lastKnownFileType = sourcecode.swift; path = ListTypeSetupView.swift; sourceTree = "<group>"; };
		60CBECC926A850570020703D /* NotificationPermessionView.swift */ = {isa = PBXFileReference; lastKnownFileType = sourcecode.swift; path = NotificationPermessionView.swift; sourceTree = "<group>"; };
		60CBECCB26A8506B0020703D /* iCloudSyncView.swift */ = {isa = PBXFileReference; lastKnownFileType = sourcecode.swift; path = iCloudSyncView.swift; sourceTree = "<group>"; };
		60CBECCD26A850840020703D /* TermsandConditionView.swift */ = {isa = PBXFileReference; lastKnownFileType = sourcecode.swift; path = TermsandConditionView.swift; sourceTree = "<group>"; };
		60CBECD326A8510E0020703D /* LottieView.swift */ = {isa = PBXFileReference; lastKnownFileType = sourcecode.swift; path = LottieView.swift; sourceTree = "<group>"; };
		60CBECD626A851780020703D /* SwipeUpLottie.json */ = {isa = PBXFileReference; fileEncoding = 4; lastKnownFileType = text.json; path = SwipeUpLottie.json; sourceTree = "<group>"; };
		60CBECD726A851780020703D /* GoingofPlaneLottie.json */ = {isa = PBXFileReference; fileEncoding = 4; lastKnownFileType = text.json; path = GoingofPlaneLottie.json; sourceTree = "<group>"; };
		60CBECDB26A851CB0020703D /* DrawingCanvasView.swift */ = {isa = PBXFileReference; lastKnownFileType = sourcecode.swift; name = DrawingCanvasView.swift; path = ToDoToday/Extensions/DrawingCanvasView.swift; sourceTree = SOURCE_ROOT; };
		60CBECDD26A851E20020703D /* DrawingCanvasViewController.swift */ = {isa = PBXFileReference; lastKnownFileType = sourcecode.swift; path = DrawingCanvasViewController.swift; sourceTree = "<group>"; };
		60CBECE126A852050020703D /* DrawingCanvas.xcdatamodel */ = {isa = PBXFileReference; lastKnownFileType = wrapper.xcdatamodel; path = DrawingCanvas.xcdatamodel; sourceTree = "<group>"; };
		60CBECE426A852440020703D /* Persistance.swift */ = {isa = PBXFileReference; lastKnownFileType = sourcecode.swift; path = Persistance.swift; sourceTree = "<group>"; };
		60CBECE626A8525E0020703D /* TodayCanvasView.swift */ = {isa = PBXFileReference; lastKnownFileType = sourcecode.swift; path = TodayCanvasView.swift; sourceTree = "<group>"; };
		60CBECE826A8527E0020703D /* CalendarReminderView.swift */ = {isa = PBXFileReference; lastKnownFileType = sourcecode.swift; path = CalendarReminderView.swift; sourceTree = "<group>"; };
		60CBECEA26A852930020703D /* PlaceholderView.swift */ = {isa = PBXFileReference; lastKnownFileType = sourcecode.swift; path = PlaceholderView.swift; sourceTree = "<group>"; };
		60CBECEC26A852A70020703D /* AddNewCanvasView.swift */ = {isa = PBXFileReference; lastKnownFileType = sourcecode.swift; path = AddNewCanvasView.swift; sourceTree = "<group>"; };
		60CBECEE26A852BA0020703D /* DrawingView.swift */ = {isa = PBXFileReference; lastKnownFileType = sourcecode.swift; path = DrawingView.swift; sourceTree = "<group>"; };
		60D0054326CC5CBB009E68EA /* TaskNotDoneFromPreviousDay.swift */ = {isa = PBXFileReference; lastKnownFileType = sourcecode.swift; path = TaskNotDoneFromPreviousDay.swift; sourceTree = "<group>"; };
		60D0054626CC720B009E68EA /* OutDatedTypedREM.swift */ = {isa = PBXFileReference; lastKnownFileType = sourcecode.swift; path = OutDatedTypedREM.swift; sourceTree = "<group>"; };
		60D0054826CC7247009E68EA /* OutDatedImageREMView.swift */ = {isa = PBXFileReference; lastKnownFileType = sourcecode.swift; path = OutDatedImageREMView.swift; sourceTree = "<group>"; };
		60D0054A26CC7251009E68EA /* OutDatedAudioREMView.swift */ = {isa = PBXFileReference; lastKnownFileType = sourcecode.swift; path = OutDatedAudioREMView.swift; sourceTree = "<group>"; };
		60D0EC9A26B094D0001E98EE /* HourOfDay.swift */ = {isa = PBXFileReference; lastKnownFileType = sourcecode.swift; path = HourOfDay.swift; sourceTree = "<group>"; };
		60D0EC9C26B09559001E98EE /* Array Extension.swift */ = {isa = PBXFileReference; lastKnownFileType = sourcecode.swift; path = "Array Extension.swift"; sourceTree = "<group>"; };
		60D0EC9E26B095BA001E98EE /* ForEach with Index Localisations.swift */ = {isa = PBXFileReference; lastKnownFileType = sourcecode.swift; path = "ForEach with Index Localisations.swift"; sourceTree = "<group>"; };
		60D2FA1526E00E7B003E5548 /* DeviceRotationWatcher.swift */ = {isa = PBXFileReference; lastKnownFileType = sourcecode.swift; path = DeviceRotationWatcher.swift; sourceTree = "<group>"; };
		60D8079626DEEE5E00B325D0 /* Interstitial.swift */ = {isa = PBXFileReference; lastKnownFileType = sourcecode.swift; path = Interstitial.swift; sourceTree = "<group>"; };
		60E2E64826A85E4500B1BAA6 /* undismissableVC.swift */ = {isa = PBXFileReference; lastKnownFileType = sourcecode.swift; path = undismissableVC.swift; sourceTree = "<group>"; };
		60E2E64A26A85E8E00B1BAA6 /* DisableModalDismiss.swift */ = {isa = PBXFileReference; lastKnownFileType = sourcecode.swift; path = DisableModalDismiss.swift; sourceTree = "<group>"; };
		60E5F35826AD8F1100F1E609 /* CalendarView.swift */ = {isa = PBXFileReference; lastKnownFileType = sourcecode.swift; path = CalendarView.swift; sourceTree = "<group>"; };
		60F0489E26CBB41F003FE055 /* CreateInitialCalendarView.swift */ = {isa = PBXFileReference; lastKnownFileType = sourcecode.swift; path = CreateInitialCalendarView.swift; sourceTree = "<group>"; };
		60FE78A226DFBC9000CABB4C /* TodayCanvasView_iPhone.swift */ = {isa = PBXFileReference; lastKnownFileType = sourcecode.swift; path = TodayCanvasView_iPhone.swift; sourceTree = "<group>"; };
		60FE78A426DFBD4600CABB4C /* CalendarView_iPhone.swift */ = {isa = PBXFileReference; lastKnownFileType = sourcecode.swift; path = CalendarView_iPhone.swift; sourceTree = "<group>"; };
		64C0CE93685B6070F9FE429D /* Pods_ToDoToday.framework */ = {isa = PBXFileReference; explicitFileType = wrapper.framework; includeInIndex = 0; path = Pods_ToDoToday.framework; sourceTree = BUILT_PRODUCTS_DIR; };
		B3C8E7F4E3D504B195EBD063 /* Pods-ToDoToday.release.xcconfig */ = {isa = PBXFileReference; includeInIndex = 1; lastKnownFileType = text.xcconfig; name = "Pods-ToDoToday.release.xcconfig"; path = "Target Support Files/Pods-ToDoToday/Pods-ToDoToday.release.xcconfig"; sourceTree = "<group>"; };
		E513C160B0932CA96CCC34DE /* Pods-ToDoToday.debug.xcconfig */ = {isa = PBXFileReference; includeInIndex = 1; lastKnownFileType = text.xcconfig; name = "Pods-ToDoToday.debug.xcconfig"; path = "Target Support Files/Pods-ToDoToday/Pods-ToDoToday.debug.xcconfig"; sourceTree = "<group>"; };
/* End PBXFileReference section */

/* Begin PBXFrameworksBuildPhase section */
		60CBECA826A84E3A0020703D /* Frameworks */ = {
			isa = PBXFrameworksBuildPhase;
			buildActionMask = 2147483647;
			files = (
				60A17A5726DE4C0B0014A86E /* SwiftUINavigationBarColor in Frameworks */,
				60CBECC026A84F730020703D /* CloudKit.framework in Frameworks */,
				60A17A5126DD928D0014A86E /* Introspect in Frameworks */,
				60CBECD126A850E70020703D /* Lottie in Frameworks */,
				CB0EE5533094017F9EF2ED6D /* Pods_ToDoToday.framework in Frameworks */,
			);
			runOnlyForDeploymentPostprocessing = 0;
		};
/* End PBXFrameworksBuildPhase section */

/* Begin PBXGroup section */
		6007607626BD3BD400B27473 /* SideBar  */ = {
			isa = PBXGroup;
			children = (
				60D0054526CC71CA009E68EA /* OutDate Tasks */,
				6007607726BD3BE100B27473 /* SideBar.swift */,
				6010334326BEB36600D1DA12 /* CheckboxField.swift */,
				60D0054326CC5CBB009E68EA /* TaskNotDoneFromPreviousDay.swift */,
			);
			path = "SideBar ";
			sourceTree = "<group>";
		};
		600EDE6826BAE03F002F6A6C /* Color Tab Picker */ = {
			isa = PBXGroup;
			children = (
				600EDE6926BAE071002F6A6C /* InitialColorPicker.swift */,
				60736D6026BBDAAE00FD3E3D /* SerializableColor.swift */,
			);
			path = "Color Tab Picker";
			sourceTree = "<group>";
		};
		6010333C26BEB24200D1DA12 /* TopBarViews */ = {
			isa = PBXGroup;
			children = (
				6010333D26BEB26B00D1DA12 /* TabTaskPlusView.swift */,
				6010333F26BEB28300D1DA12 /* TodaySettingsView.swift */,
				6010334126BEB29700D1DA12 /* ShowTodayDateView.swift */,
				6010334526C0091900D1DA12 /* TempColorPickerModel .swift */,
			);
			path = TopBarViews;
			sourceTree = "<group>";
		};
		6018EC5226BC48D900184DB4 /* Color Palette */ = {
			isa = PBXGroup;
			children = (
				6018EC5B26BC4A5100184DB4 /* Data Manager */,
				6018EC5A26BC49CA00184DB4 /* Model */,
			);
			path = "Color Palette";
			sourceTree = "<group>";
		};
		6018EC5A26BC49CA00184DB4 /* Model */ = {
			isa = PBXGroup;
			children = (
				6018EC5626BC49C200184DB4 /* ColorPalette+CoreDataClass.swift */,
				6018EC5726BC49C200184DB4 /* ColorPalette+CoreDataProperties.swift */,
				6018EC5326BC491600184DB4 /* ColorPaletteCoreDataModel.xcdatamodeld */,
			);
			path = Model;
			sourceTree = "<group>";
		};
		6018EC5B26BC4A5100184DB4 /* Data Manager */ = {
			isa = PBXGroup;
			children = (
				6018EC5C26BC4A6300184DB4 /* ColorPalettePersistance.swift */,
			);
			path = "Data Manager";
			sourceTree = "<group>";
		};
		6025514426B2D9F900D9F764 /* Adding New Reminder  */ = {
			isa = PBXGroup;
			children = (
				60CBECEC26A852A70020703D /* AddNewCanvasView.swift */,
				6028CAFE26AEEACD0062E189 /* InitialCanvasDrawingView.swift */,
			);
			path = "Adding New Reminder ";
			sourceTree = "<group>";
		};
		6025514526B2DA1900D9F764 /* Initial Views */ = {
			isa = PBXGroup;
			children = (
				60CBECEA26A852930020703D /* PlaceholderView.swift */,
			);
			path = "Initial Views";
			sourceTree = "<group>";
		};
		6025514826B3EFF000D9F764 /* Image Picker Views REM */ = {
			isa = PBXGroup;
			children = (
				6065754D26B45D0F00EA0F4D /* ImagePicker.swift */,
				6025514B26B4088000D9F764 /* ImageReminderView.swift */,
			);
			path = "Image Picker Views REM";
			sourceTree = "<group>";
		};
		604FC52A26D6E6D600738A89 /* Iphone Specific views */ = {
			isa = PBXGroup;
			children = (
				607D65D426DFA6EC005733D9 /* CalendarReminderView_iPhone.swift */,
				60FE78A226DFBC9000CABB4C /* TodayCanvasView_iPhone.swift */,
				60FE78A426DFBD4600CABB4C /* CalendarView_iPhone.swift */,
			);
			path = "Iphone Specific views";
			sourceTree = "<group>";
		};
		6065754F26B554D100EA0F4D /* Drawing Picker Views REM */ = {
			isa = PBXGroup;
			children = (
				60CBECEE26A852BA0020703D /* DrawingView.swift */,
				608535A026D4462000450502 /* DrawingReminderView.swift */,
			);
			path = "Drawing Picker Views REM";
			sourceTree = "<group>";
		};
		6065755026B554E800EA0F4D /* Typing Picker Views REM */ = {
			isa = PBXGroup;
			children = (
				6025514626B30AD500D9F764 /* TypeReminderView.swift */,
			);
			path = "Typing Picker Views REM";
			sourceTree = "<group>";
		};
		6065755126B6BE3400EA0F4D /* Recording  REM */ = {
			isa = PBXGroup;
			children = (
				6065755426B6BE7300EA0F4D /* AudioRecorder.swift */,
				6065755626B6BF0300EA0F4D /* AudioRecorderView.swift */,
				60C1E05026B880560040D425 /* Audio Player.swift */,
				60C1E05226B880C90040D425 /* AudioPlayerView.swift */,
			);
			path = "Recording  REM";
			sourceTree = "<group>";
		};
		6085359D26D4451400450502 /* Sharing Reminders */ = {
			isa = PBXGroup;
			children = (
				6085359B26D43D3800450502 /* SharingSelectorClass.swift */,
				6085359E26D4452800450502 /* ShareREMAll.swift */,
			);
			path = "Sharing Reminders";
			sourceTree = "<group>";
		};
		60A17A4626DD78E00014A86E /* Iphone Setup Screen */ = {
			isa = PBXGroup;
			children = (
				60A17A4726DD79410014A86E /* SetupCard_Screen_Iphone.swift */,
				60A17A4926DD7A1F0014A86E /* ListTypeSetupView_iPhone.swift */,
				60A17A4B26DD7C350014A86E /* CreateInitialCalendarView_iPhone.swift */,
			);
			path = "Iphone Setup Screen";
			sourceTree = "<group>";
		};
		60A17A5226DE38BC0014A86E /* Right SideBar */ = {
			isa = PBXGroup;
			children = (
				60A17A5326DE39180014A86E /* EditTaskViewSideBarTyped.swift */,
				60A17A5826DE7D280014A86E /* EditTaskViewSideBarAudio.swift */,
				602FB2A426E1175B00AED38F /* EditTaskViewSideBarImage.swift */,
				602FB2A626E122CB00AED38F /* EditTaskViewSideBarDrawing.swift */,
			);
			path = "Right SideBar";
			sourceTree = "<group>";
		};
		60CBECA226A84E3A0020703D = {
			isa = PBXGroup;
			children = (
				60CBECAD26A84E3A0020703D /* ToDoToday */,
				60CBECAC26A84E3A0020703D /* Products */,
				60CBECBE26A84F730020703D /* Frameworks */,
				6A31660DD9BE8A5C0F4FA7EF /* Pods */,
			);
			sourceTree = "<group>";
		};
		60CBECAC26A84E3A0020703D /* Products */ = {
			isa = PBXGroup;
			children = (
				60CBECAB26A84E3A0020703D /* ToDoToday.app */,
			);
			name = Products;
			sourceTree = "<group>";
		};
		60CBECAD26A84E3A0020703D /* ToDoToday */ = {
			isa = PBXGroup;
			children = (
				60D8079526DEEE4500B325D0 /* AdMob + Firebase Ana */,
				6008F5E726DEE218002F53E0 /* GoogleService-Info.plist */,
				60A17A5226DE38BC0014A86E /* Right SideBar */,
				6010333C26BEB24200D1DA12 /* TopBarViews */,
				6007607626BD3BD400B27473 /* SideBar  */,
				6018EC5226BC48D900184DB4 /* Color Palette */,
				60CBECC526A8501E0020703D /* UserPreferenceModel.swift */,
				60CBECD226A851050020703D /* Extensions */,
				60CBECC226A84FDC0020703D /* Reminder Calendar Type Views */,
				60CBECC126A84FD70020703D /* Setup Views and Models */,
				60CBECBD26A84E4D0020703D /* ToDoToday.entitlements */,
				60CBECAE26A84E3A0020703D /* ToDoTodayApp.swift */,
				60CBECB026A84E3A0020703D /* ContentView.swift */,
				60CBECB226A84E3B0020703D /* Assets.xcassets */,
				60CBECB726A84E3B0020703D /* Info.plist */,
				60CBECB426A84E3B0020703D /* Preview Content */,
			);
			path = ToDoToday;
			sourceTree = "<group>";
		};
		60CBECB426A84E3B0020703D /* Preview Content */ = {
			isa = PBXGroup;
			children = (
				60CBECB526A84E3B0020703D /* Preview Assets.xcassets */,
			);
			path = "Preview Content";
			sourceTree = "<group>";
		};
		60CBECBE26A84F730020703D /* Frameworks */ = {
			isa = PBXGroup;
			children = (
				60CBECBF26A84F730020703D /* CloudKit.framework */,
				64C0CE93685B6070F9FE429D /* Pods_ToDoToday.framework */,
			);
			name = Frameworks;
			sourceTree = "<group>";
		};
		60CBECC126A84FD70020703D /* Setup Views and Models */ = {
			isa = PBXGroup;
			children = (
				60A17A4626DD78E00014A86E /* Iphone Setup Screen */,
				60F0489E26CBB41F003FE055 /* CreateInitialCalendarView.swift */,
				60CBECD526A8516C0020703D /* Lottie Animations */,
				60CBECC326A8500C0020703D /* SetupCard Screen.swift */,
				60CBECC726A850330020703D /* ListTypeSetupView.swift */,
				60CBECC926A850570020703D /* NotificationPermessionView.swift */,
				60CBECCB26A8506B0020703D /* iCloudSyncView.swift */,
				60CBECCD26A850840020703D /* TermsandConditionView.swift */,
				60A17A4D26DD8AA80014A86E /* SignandCompleteView.swift */,
			);
			path = "Setup Views and Models";
			sourceTree = "<group>";
		};
		60CBECC226A84FDC0020703D /* Reminder Calendar Type Views */ = {
			isa = PBXGroup;
			children = (
				604FC52A26D6E6D600738A89 /* Iphone Specific views */,
				6085359D26D4451400450502 /* Sharing Reminders */,
				600EDE6826BAE03F002F6A6C /* Color Tab Picker */,
				6065755126B6BE3400EA0F4D /* Recording  REM */,
				6065755026B554E800EA0F4D /* Typing Picker Views REM */,
				6065754F26B554D100EA0F4D /* Drawing Picker Views REM */,
				6025514826B3EFF000D9F764 /* Image Picker Views REM */,
				6025514526B2DA1900D9F764 /* Initial Views */,
				6025514426B2D9F900D9F764 /* Adding New Reminder  */,
				60D0EC9926B094B9001E98EE /* Classes */,
				60CBECE326A852390020703D /* Data Manager */,
				60CBECDF26A851F30020703D /* Model */,
				60CBECDA26A851B50020703D /* View Controller UIKit */,
				60CBECE626A8525E0020703D /* TodayCanvasView.swift */,
				60CBECE826A8527E0020703D /* CalendarReminderView.swift */,
				60689B5726AB24DF00ED426F /* HoursView.swift */,
				60E5F35826AD8F1100F1E609 /* CalendarView.swift */,
				608E248826D3EE7F004754F0 /* MovableHourView.swift */,
				602FB2AD26E21F7700AED38F /* NotificationViewRegister.swift */,
			);
			path = "Reminder Calendar Type Views";
			sourceTree = "<group>";
		};
		60CBECD226A851050020703D /* Extensions */ = {
			isa = PBXGroup;
			children = (
				60E2E64C26A85ED600B1BAA6 /* Sheet Modifiers */,
				60CBECD326A8510E0020703D /* LottieView.swift */,
				60D0EC9C26B09559001E98EE /* Array Extension.swift */,
				60D0EC9E26B095BA001E98EE /* ForEach with Index Localisations.swift */,
				6034178226BC11F500E0F6A3 /* HexToUIColor.swift */,
				6010333A26BE992D00D1DA12 /* AppFaceIDTouchID.swift */,
				6085359926D4396E00450502 /* ActivityViewController.swift */,
				60D2FA1526E00E7B003E5548 /* DeviceRotationWatcher.swift */,
			);
			path = Extensions;
			sourceTree = "<group>";
		};
		60CBECD526A8516C0020703D /* Lottie Animations */ = {
			isa = PBXGroup;
			children = (
				60CBECD726A851780020703D /* GoingofPlaneLottie.json */,
				60CBECD626A851780020703D /* SwipeUpLottie.json */,
			);
			path = "Lottie Animations";
			sourceTree = "<group>";
		};
		60CBECDA26A851B50020703D /* View Controller UIKit */ = {
			isa = PBXGroup;
			children = (
				60CBECDB26A851CB0020703D /* DrawingCanvasView.swift */,
				60CBECDD26A851E20020703D /* DrawingCanvasViewController.swift */,
			);
			path = "View Controller UIKit";
			sourceTree = "<group>";
		};
		60CBECDF26A851F30020703D /* Model */ = {
			isa = PBXGroup;
			children = (
				60CBECE026A852050020703D /* DrawingCanvasCoreDataModel.xcdatamodeld */,
				60C2DF6626B2CACD00347CE8 /* DrawingCanvas+CoreDataClass.swift */,
				60C2DF6726B2CACD00347CE8 /* DrawingCanvas+CoreDataProperties.swift */,
				60C2DF6A26B2CC8900347CE8 /* TypeReminder.swift */,
				6034178026BC11AA00E0F6A3 /* TabColor.swift */,
				602FB2AA26E218DC00AED38F /* NotificationsDaysCoreModel.xcdatamodeld */,
			);
			path = Model;
			sourceTree = "<group>";
		};
		60CBECE326A852390020703D /* Data Manager */ = {
			isa = PBXGroup;
			children = (
				60CBECE426A852440020703D /* Persistance.swift */,
				602FB2A826E17B7E00AED38F /* NotificationDayPersistance.swift */,
			);
			path = "Data Manager";
			sourceTree = "<group>";
		};
		60D0054526CC71CA009E68EA /* OutDate Tasks */ = {
			isa = PBXGroup;
			children = (
				60D0054626CC720B009E68EA /* OutDatedTypedREM.swift */,
				60D0054826CC7247009E68EA /* OutDatedImageREMView.swift */,
				60D0054A26CC7251009E68EA /* OutDatedAudioREMView.swift */,
			);
			path = "OutDate Tasks";
			sourceTree = "<group>";
		};
		60D0EC9926B094B9001E98EE /* Classes */ = {
			isa = PBXGroup;
			children = (
				60D0EC9A26B094D0001E98EE /* HourOfDay.swift */,
			);
			path = Classes;
			sourceTree = "<group>";
		};
		60D8079526DEEE4500B325D0 /* AdMob + Firebase Ana */ = {
			isa = PBXGroup;
			children = (
				60D8079626DEEE5E00B325D0 /* Interstitial.swift */,
			);
			path = "AdMob + Firebase Ana";
			sourceTree = "<group>";
		};
		60E2E64C26A85ED600B1BAA6 /* Sheet Modifiers */ = {
			isa = PBXGroup;
			children = (
				60E2E64A26A85E8E00B1BAA6 /* DisableModalDismiss.swift */,
				60E2E64826A85E4500B1BAA6 /* undismissableVC.swift */,
			);
			path = "Sheet Modifiers";
			sourceTree = "<group>";
		};
		6A31660DD9BE8A5C0F4FA7EF /* Pods */ = {
			isa = PBXGroup;
			children = (
				E513C160B0932CA96CCC34DE /* Pods-ToDoToday.debug.xcconfig */,
				B3C8E7F4E3D504B195EBD063 /* Pods-ToDoToday.release.xcconfig */,
			);
			path = Pods;
			sourceTree = "<group>";
		};
/* End PBXGroup section */

/* Begin PBXNativeTarget section */
		60CBECAA26A84E3A0020703D /* ToDoToday */ = {
			isa = PBXNativeTarget;
			buildConfigurationList = 60CBECBA26A84E3B0020703D /* Build configuration list for PBXNativeTarget "ToDoToday" */;
			buildPhases = (
				B4DBD5B5D191F21E6EAE313A /* [CP] Check Pods Manifest.lock */,
				60CBECA726A84E3A0020703D /* Sources */,
				60CBECA826A84E3A0020703D /* Frameworks */,
				60CBECA926A84E3A0020703D /* Resources */,
				785B86AF0F55254E6D2E57AF /* [CP] Embed Pods Frameworks */,
			);
			buildRules = (
			);
			dependencies = (
			);
			name = ToDoToday;
			packageProductDependencies = (
				60CBECD026A850E70020703D /* Lottie */,
				60A17A5026DD928D0014A86E /* Introspect */,
				60A17A5626DE4C0B0014A86E /* SwiftUINavigationBarColor */,
			);
			productName = ToDoToday;
			productReference = 60CBECAB26A84E3A0020703D /* ToDoToday.app */;
			productType = "com.apple.product-type.application";
		};
/* End PBXNativeTarget section */

/* Begin PBXProject section */
		60CBECA326A84E3A0020703D /* Project object */ = {
			isa = PBXProject;
			attributes = {
				LastSwiftUpdateCheck = 1250;
				LastUpgradeCheck = 1250;
				TargetAttributes = {
					60CBECAA26A84E3A0020703D = {
						CreatedOnToolsVersion = 12.5.1;
					};
				};
			};
			buildConfigurationList = 60CBECA626A84E3A0020703D /* Build configuration list for PBXProject "ToDoToday" */;
			compatibilityVersion = "Xcode 9.3";
			developmentRegion = en;
			hasScannedForEncodings = 0;
			knownRegions = (
				en,
				Base,
			);
			mainGroup = 60CBECA226A84E3A0020703D;
			packageReferences = (
				60CBECCF26A850E70020703D /* XCRemoteSwiftPackageReference "lottie-ios" */,
				60A17A4F26DD928D0014A86E /* XCRemoteSwiftPackageReference "SwiftUI-Introspect" */,
				60A17A5526DE4C0B0014A86E /* XCRemoteSwiftPackageReference "SwiftUI-Navigation-Bar-Color" */,
			);
			productRefGroup = 60CBECAC26A84E3A0020703D /* Products */;
			projectDirPath = "";
			projectRoot = "";
			targets = (
				60CBECAA26A84E3A0020703D /* ToDoToday */,
			);
		};
/* End PBXProject section */

/* Begin PBXResourcesBuildPhase section */
		60CBECA926A84E3A0020703D /* Resources */ = {
			isa = PBXResourcesBuildPhase;
			buildActionMask = 2147483647;
			files = (
				60CBECB626A84E3B0020703D /* Preview Assets.xcassets in Resources */,
				60CBECD926A851780020703D /* GoingofPlaneLottie.json in Resources */,
				6008F5E826DEE218002F53E0 /* GoogleService-Info.plist in Resources */,
				60CBECD826A851780020703D /* SwipeUpLottie.json in Resources */,
				60CBECB326A84E3B0020703D /* Assets.xcassets in Resources */,
			);
			runOnlyForDeploymentPostprocessing = 0;
		};
/* End PBXResourcesBuildPhase section */

/* Begin PBXShellScriptBuildPhase section */
		785B86AF0F55254E6D2E57AF /* [CP] Embed Pods Frameworks */ = {
			isa = PBXShellScriptBuildPhase;
			buildActionMask = 2147483647;
			files = (
			);
			inputFileListPaths = (
				"${PODS_ROOT}/Target Support Files/Pods-ToDoToday/Pods-ToDoToday-frameworks-${CONFIGURATION}-input-files.xcfilelist",
			);
			name = "[CP] Embed Pods Frameworks";
			outputFileListPaths = (
				"${PODS_ROOT}/Target Support Files/Pods-ToDoToday/Pods-ToDoToday-frameworks-${CONFIGURATION}-output-files.xcfilelist",
			);
			runOnlyForDeploymentPostprocessing = 0;
			shellPath = /bin/sh;
			shellScript = "\"${PODS_ROOT}/Target Support Files/Pods-ToDoToday/Pods-ToDoToday-frameworks.sh\"\n";
			showEnvVarsInLog = 0;
		};
		B4DBD5B5D191F21E6EAE313A /* [CP] Check Pods Manifest.lock */ = {
			isa = PBXShellScriptBuildPhase;
			buildActionMask = 2147483647;
			files = (
			);
			inputFileListPaths = (
			);
			inputPaths = (
				"${PODS_PODFILE_DIR_PATH}/Podfile.lock",
				"${PODS_ROOT}/Manifest.lock",
			);
			name = "[CP] Check Pods Manifest.lock";
			outputFileListPaths = (
			);
			outputPaths = (
				"$(DERIVED_FILE_DIR)/Pods-ToDoToday-checkManifestLockResult.txt",
			);
			runOnlyForDeploymentPostprocessing = 0;
			shellPath = /bin/sh;
			shellScript = "diff \"${PODS_PODFILE_DIR_PATH}/Podfile.lock\" \"${PODS_ROOT}/Manifest.lock\" > /dev/null\nif [ $? != 0 ] ; then\n    # print error to STDERR\n    echo \"error: The sandbox is not in sync with the Podfile.lock. Run 'pod install' or update your CocoaPods installation.\" >&2\n    exit 1\nfi\n# This output is used by Xcode 'outputs' to avoid re-running this script phase.\necho \"SUCCESS\" > \"${SCRIPT_OUTPUT_FILE_0}\"\n";
			showEnvVarsInLog = 0;
		};
/* End PBXShellScriptBuildPhase section */

/* Begin PBXSourcesBuildPhase section */
		60CBECA726A84E3A0020703D /* Sources */ = {
			isa = PBXSourcesBuildPhase;
			buildActionMask = 2147483647;
			files = (
				60D0054B26CC7251009E68EA /* OutDatedAudioREMView.swift in Sources */,
				60CBECCA26A850570020703D /* NotificationPermessionView.swift in Sources */,
				60CBECE926A8527E0020703D /* CalendarReminderView.swift in Sources */,
				60CBECE526A852440020703D /* Persistance.swift in Sources */,
				60CBECDE26A851E20020703D /* DrawingCanvasViewController.swift in Sources */,
				60FE78A326DFBC9000CABB4C /* TodayCanvasView_iPhone.swift in Sources */,
				6010333B26BE992D00D1DA12 /* AppFaceIDTouchID.swift in Sources */,
				60F0489F26CBB41F003FE055 /* CreateInitialCalendarView.swift in Sources */,
				602FB2A926E17B7E00AED38F /* NotificationDayPersistance.swift in Sources */,
				602FB2AE26E21F7700AED38F /* NotificationViewRegister.swift in Sources */,
				6010334426BEB36600D1DA12 /* CheckboxField.swift in Sources */,
				60D0054426CC5CBB009E68EA /* TaskNotDoneFromPreviousDay.swift in Sources */,
				6085359C26D43D3800450502 /* SharingSelectorClass.swift in Sources */,
				6018EC5826BC49C200184DB4 /* ColorPalette+CoreDataClass.swift in Sources */,
				60689B5826AB24E000ED426F /* HoursView.swift in Sources */,
				60CBECB126A84E3A0020703D /* ContentView.swift in Sources */,
				6025514C26B4088000D9F764 /* ImageReminderView.swift in Sources */,
				6065755726B6BF0300EA0F4D /* AudioRecorderView.swift in Sources */,
				600EDE6A26BAE071002F6A6C /* InitialColorPicker.swift in Sources */,
				60E5F35926AD8F1100F1E609 /* CalendarView.swift in Sources */,
				60C2DF6826B2CACD00347CE8 /* DrawingCanvas+CoreDataClass.swift in Sources */,
				60D2FA1426E009CA003E5548 /* ColorPaletteCoreDataModel.xcdatamodeld in Sources */,
				60A17A4C26DD7C350014A86E /* CreateInitialCalendarView_iPhone.swift in Sources */,
				60CBECD426A8510E0020703D /* LottieView.swift in Sources */,
				60D0054726CC720B009E68EA /* OutDatedTypedREM.swift in Sources */,
				6010334026BEB28300D1DA12 /* TodaySettingsView.swift in Sources */,
				602FB2A726E122CB00AED38F /* EditTaskViewSideBarDrawing.swift in Sources */,
				60C1E05326B880C90040D425 /* AudioPlayerView.swift in Sources */,
				60CBECC426A8500C0020703D /* SetupCard Screen.swift in Sources */,
				60736D6126BBDAAE00FD3E3D /* SerializableColor.swift in Sources */,
				60C2DF6B26B2CC8900347CE8 /* TypeReminder.swift in Sources */,
				60D2FA1626E00E7B003E5548 /* DeviceRotationWatcher.swift in Sources */,
				60CBECAF26A84E3A0020703D /* ToDoTodayApp.swift in Sources */,
				6065754E26B45D0F00EA0F4D /* ImagePicker.swift in Sources */,
				6025514726B30AD500D9F764 /* TypeReminderView.swift in Sources */,
				60CBECDC26A851CB0020703D /* DrawingCanvasView.swift in Sources */,
				60D0EC9B26B094D0001E98EE /* HourOfDay.swift in Sources */,
				6018EC5D26BC4A6300184DB4 /* ColorPalettePersistance.swift in Sources */,
				60CBECE726A8525E0020703D /* TodayCanvasView.swift in Sources */,
				60D8079726DEEE5E00B325D0 /* Interstitial.swift in Sources */,
				602FB2A526E1175B00AED38F /* EditTaskViewSideBarImage.swift in Sources */,
				6007607826BD3BE100B27473 /* SideBar.swift in Sources */,
				6085359A26D4396E00450502 /* ActivityViewController.swift in Sources */,
				6034178126BC11AA00E0F6A3 /* TabColor.swift in Sources */,
				60A17A4A26DD7A1F0014A86E /* ListTypeSetupView_iPhone.swift in Sources */,
				608E248926D3EE7F004754F0 /* MovableHourView.swift in Sources */,
				6018EC5926BC49C200184DB4 /* ColorPalette+CoreDataProperties.swift in Sources */,
				60CBECC826A850330020703D /* ListTypeSetupView.swift in Sources */,
				60D0EC9F26B095BA001E98EE /* ForEach with Index Localisations.swift in Sources */,
				60C2DF6926B2CACD00347CE8 /* DrawingCanvas+CoreDataProperties.swift in Sources */,
				60CBECCC26A8506B0020703D /* iCloudSyncView.swift in Sources */,
				60D0054926CC7247009E68EA /* OutDatedImageREMView.swift in Sources */,
				60A17A4E26DD8AA80014A86E /* SignandCompleteView.swift in Sources */,
				602FB2AC26E218DC00AED38F /* NotificationsDaysCoreModel.xcdatamodeld in Sources */,
				60CBECCE26A850840020703D /* TermsandConditionView.swift in Sources */,
				60A17A4826DD79410014A86E /* SetupCard_Screen_Iphone.swift in Sources */,
				6010334226BEB29700D1DA12 /* ShowTodayDateView.swift in Sources */,
				6010334626C0091900D1DA12 /* TempColorPickerModel .swift in Sources */,
				6028CAFF26AEEACD0062E189 /* InitialCanvasDrawingView.swift in Sources */,
				607D65D526DFA6EC005733D9 /* CalendarReminderView_iPhone.swift in Sources */,
				60E2E64B26A85E8E00B1BAA6 /* DisableModalDismiss.swift in Sources */,
				60CBECED26A852A70020703D /* AddNewCanvasView.swift in Sources */,
				60D0EC9D26B09559001E98EE /* Array Extension.swift in Sources */,
				60C1E05126B880560040D425 /* Audio Player.swift in Sources */,
				6065755526B6BE7300EA0F4D /* AudioRecorder.swift in Sources */,
				6034178326BC11F500E0F6A3 /* HexToUIColor.swift in Sources */,
				608535A126D4462000450502 /* DrawingReminderView.swift in Sources */,
				60CBECE226A852050020703D /* DrawingCanvasCoreDataModel.xcdatamodeld in Sources */,
				60E2E64926A85E4500B1BAA6 /* undismissableVC.swift in Sources */,
				60A17A5926DE7D280014A86E /* EditTaskViewSideBarAudio.swift in Sources */,
				60CBECEF26A852BA0020703D /* DrawingView.swift in Sources */,
				6085359F26D4452800450502 /* ShareREMAll.swift in Sources */,
				60FE78A526DFBD4600CABB4C /* CalendarView_iPhone.swift in Sources */,
				6010333E26BEB26B00D1DA12 /* TabTaskPlusView.swift in Sources */,
				60A17A5426DE39180014A86E /* EditTaskViewSideBarTyped.swift in Sources */,
				60CBECEB26A852930020703D /* PlaceholderView.swift in Sources */,
				60CBECC626A8501E0020703D /* UserPreferenceModel.swift in Sources */,
			);
			runOnlyForDeploymentPostprocessing = 0;
		};
/* End PBXSourcesBuildPhase section */

/* Begin XCBuildConfiguration section */
		60CBECB826A84E3B0020703D /* Debug */ = {
			isa = XCBuildConfiguration;
			buildSettings = {
				ALWAYS_SEARCH_USER_PATHS = NO;
				CLANG_ANALYZER_NONNULL = YES;
				CLANG_ANALYZER_NUMBER_OBJECT_CONVERSION = YES_AGGRESSIVE;
				CLANG_CXX_LANGUAGE_STANDARD = "gnu++14";
				CLANG_CXX_LIBRARY = "libc++";
				CLANG_ENABLE_MODULES = YES;
				CLANG_ENABLE_OBJC_ARC = YES;
				CLANG_ENABLE_OBJC_WEAK = YES;
				CLANG_WARN_BLOCK_CAPTURE_AUTORELEASING = YES;
				CLANG_WARN_BOOL_CONVERSION = YES;
				CLANG_WARN_COMMA = YES;
				CLANG_WARN_CONSTANT_CONVERSION = YES;
				CLANG_WARN_DEPRECATED_OBJC_IMPLEMENTATIONS = YES;
				CLANG_WARN_DIRECT_OBJC_ISA_USAGE = YES_ERROR;
				CLANG_WARN_DOCUMENTATION_COMMENTS = YES;
				CLANG_WARN_EMPTY_BODY = YES;
				CLANG_WARN_ENUM_CONVERSION = YES;
				CLANG_WARN_INFINITE_RECURSION = YES;
				CLANG_WARN_INT_CONVERSION = YES;
				CLANG_WARN_NON_LITERAL_NULL_CONVERSION = YES;
				CLANG_WARN_OBJC_IMPLICIT_RETAIN_SELF = YES;
				CLANG_WARN_OBJC_LITERAL_CONVERSION = YES;
				CLANG_WARN_OBJC_ROOT_CLASS = YES_ERROR;
				CLANG_WARN_QUOTED_INCLUDE_IN_FRAMEWORK_HEADER = YES;
				CLANG_WARN_RANGE_LOOP_ANALYSIS = YES;
				CLANG_WARN_STRICT_PROTOTYPES = YES;
				CLANG_WARN_SUSPICIOUS_MOVE = YES;
				CLANG_WARN_UNGUARDED_AVAILABILITY = YES_AGGRESSIVE;
				CLANG_WARN_UNREACHABLE_CODE = YES;
				CLANG_WARN__DUPLICATE_METHOD_MATCH = YES;
				COPY_PHASE_STRIP = NO;
				DEBUG_INFORMATION_FORMAT = dwarf;
				ENABLE_STRICT_OBJC_MSGSEND = YES;
				ENABLE_TESTABILITY = YES;
				GCC_C_LANGUAGE_STANDARD = gnu11;
				GCC_DYNAMIC_NO_PIC = NO;
				GCC_NO_COMMON_BLOCKS = YES;
				GCC_OPTIMIZATION_LEVEL = 0;
				GCC_PREPROCESSOR_DEFINITIONS = (
					"DEBUG=1",
					"$(inherited)",
				);
				GCC_WARN_64_TO_32_BIT_CONVERSION = YES;
				GCC_WARN_ABOUT_RETURN_TYPE = YES_ERROR;
				GCC_WARN_UNDECLARED_SELECTOR = YES;
				GCC_WARN_UNINITIALIZED_AUTOS = YES_AGGRESSIVE;
				GCC_WARN_UNUSED_FUNCTION = YES;
				GCC_WARN_UNUSED_VARIABLE = YES;
				IPHONEOS_DEPLOYMENT_TARGET = 14.5;
				MTL_ENABLE_DEBUG_INFO = INCLUDE_SOURCE;
				MTL_FAST_MATH = YES;
				ONLY_ACTIVE_ARCH = YES;
				SDKROOT = iphoneos;
				SWIFT_ACTIVE_COMPILATION_CONDITIONS = DEBUG;
				SWIFT_OPTIMIZATION_LEVEL = "-Onone";
			};
			name = Debug;
		};
		60CBECB926A84E3B0020703D /* Release */ = {
			isa = XCBuildConfiguration;
			buildSettings = {
				ALWAYS_SEARCH_USER_PATHS = NO;
				CLANG_ANALYZER_NONNULL = YES;
				CLANG_ANALYZER_NUMBER_OBJECT_CONVERSION = YES_AGGRESSIVE;
				CLANG_CXX_LANGUAGE_STANDARD = "gnu++14";
				CLANG_CXX_LIBRARY = "libc++";
				CLANG_ENABLE_MODULES = YES;
				CLANG_ENABLE_OBJC_ARC = YES;
				CLANG_ENABLE_OBJC_WEAK = YES;
				CLANG_WARN_BLOCK_CAPTURE_AUTORELEASING = YES;
				CLANG_WARN_BOOL_CONVERSION = YES;
				CLANG_WARN_COMMA = YES;
				CLANG_WARN_CONSTANT_CONVERSION = YES;
				CLANG_WARN_DEPRECATED_OBJC_IMPLEMENTATIONS = YES;
				CLANG_WARN_DIRECT_OBJC_ISA_USAGE = YES_ERROR;
				CLANG_WARN_DOCUMENTATION_COMMENTS = YES;
				CLANG_WARN_EMPTY_BODY = YES;
				CLANG_WARN_ENUM_CONVERSION = YES;
				CLANG_WARN_INFINITE_RECURSION = YES;
				CLANG_WARN_INT_CONVERSION = YES;
				CLANG_WARN_NON_LITERAL_NULL_CONVERSION = YES;
				CLANG_WARN_OBJC_IMPLICIT_RETAIN_SELF = YES;
				CLANG_WARN_OBJC_LITERAL_CONVERSION = YES;
				CLANG_WARN_OBJC_ROOT_CLASS = YES_ERROR;
				CLANG_WARN_QUOTED_INCLUDE_IN_FRAMEWORK_HEADER = YES;
				CLANG_WARN_RANGE_LOOP_ANALYSIS = YES;
				CLANG_WARN_STRICT_PROTOTYPES = YES;
				CLANG_WARN_SUSPICIOUS_MOVE = YES;
				CLANG_WARN_UNGUARDED_AVAILABILITY = YES_AGGRESSIVE;
				CLANG_WARN_UNREACHABLE_CODE = YES;
				CLANG_WARN__DUPLICATE_METHOD_MATCH = YES;
				COPY_PHASE_STRIP = NO;
				DEBUG_INFORMATION_FORMAT = "dwarf-with-dsym";
				ENABLE_NS_ASSERTIONS = NO;
				ENABLE_STRICT_OBJC_MSGSEND = YES;
				GCC_C_LANGUAGE_STANDARD = gnu11;
				GCC_NO_COMMON_BLOCKS = YES;
				GCC_WARN_64_TO_32_BIT_CONVERSION = YES;
				GCC_WARN_ABOUT_RETURN_TYPE = YES_ERROR;
				GCC_WARN_UNDECLARED_SELECTOR = YES;
				GCC_WARN_UNINITIALIZED_AUTOS = YES_AGGRESSIVE;
				GCC_WARN_UNUSED_FUNCTION = YES;
				GCC_WARN_UNUSED_VARIABLE = YES;
				IPHONEOS_DEPLOYMENT_TARGET = 14.5;
				MTL_ENABLE_DEBUG_INFO = NO;
				MTL_FAST_MATH = YES;
				SDKROOT = iphoneos;
				SWIFT_COMPILATION_MODE = wholemodule;
				SWIFT_OPTIMIZATION_LEVEL = "-O";
				VALIDATE_PRODUCT = YES;
			};
			name = Release;
		};
		60CBECBB26A84E3B0020703D /* Debug */ = {
			isa = XCBuildConfiguration;
			baseConfigurationReference = E513C160B0932CA96CCC34DE /* Pods-ToDoToday.debug.xcconfig */;
			buildSettings = {
				ASSETCATALOG_COMPILER_APPICON_NAME = AppIcon;
				ASSETCATALOG_COMPILER_GLOBAL_ACCENT_COLOR_NAME = AccentColor;
				CODE_SIGN_ENTITLEMENTS = ToDoToday/ToDoToday.entitlements;
				CODE_SIGN_STYLE = Automatic;
				CURRENT_PROJECT_VERSION = 7;
				DEVELOPMENT_ASSET_PATHS = "\"ToDoToday/Preview Content\"";
				DEVELOPMENT_TEAM = P69D93MRT6;
				"ENABLE_HARDENED_RUNTIME[sdk=macosx*]" = YES;
				ENABLE_PREVIEWS = YES;
				INFOPLIST_FILE = ToDoToday/Info.plist;
				IPHONEOS_DEPLOYMENT_TARGET = 14.0;
				LD_RUNPATH_SEARCH_PATHS = (
					"$(inherited)",
					"@executable_path/Frameworks",
				);
				MARKETING_VERSION = 1.0.1;
				PRODUCT_BUNDLE_IDENTIFIER = com.NoedeLaCroix.ToDoToday;
				PRODUCT_NAME = "$(TARGET_NAME)";
				SUPPORTS_MACCATALYST = YES;
				SUPPORTS_MAC_DESIGNED_FOR_IPHONE_IPAD = NO;
				SWIFT_VERSION = 5.0;
				TARGETED_DEVICE_FAMILY = "1,2";
			};
			name = Debug;
		};
		60CBECBC26A84E3B0020703D /* Release */ = {
			isa = XCBuildConfiguration;
			baseConfigurationReference = B3C8E7F4E3D504B195EBD063 /* Pods-ToDoToday.release.xcconfig */;
			buildSettings = {
				ASSETCATALOG_COMPILER_APPICON_NAME = AppIcon;
				ASSETCATALOG_COMPILER_GLOBAL_ACCENT_COLOR_NAME = AccentColor;
				CODE_SIGN_ENTITLEMENTS = ToDoToday/ToDoToday.entitlements;
				CODE_SIGN_STYLE = Automatic;
				CURRENT_PROJECT_VERSION = 7;
				DEVELOPMENT_ASSET_PATHS = "\"ToDoToday/Preview Content\"";
				DEVELOPMENT_TEAM = P69D93MRT6;
				"ENABLE_HARDENED_RUNTIME[sdk=macosx*]" = YES;
				ENABLE_PREVIEWS = YES;
				INFOPLIST_FILE = ToDoToday/Info.plist;
				IPHONEOS_DEPLOYMENT_TARGET = 14.0;
				LD_RUNPATH_SEARCH_PATHS = (
					"$(inherited)",
					"@executable_path/Frameworks",
				);
				MARKETING_VERSION = 1.0.1;
				PRODUCT_BUNDLE_IDENTIFIER = com.NoedeLaCroix.ToDoToday;
				PRODUCT_NAME = "$(TARGET_NAME)";
				SUPPORTS_MACCATALYST = YES;
				SUPPORTS_MAC_DESIGNED_FOR_IPHONE_IPAD = NO;
				SWIFT_VERSION = 5.0;
				TARGETED_DEVICE_FAMILY = "1,2";
			};
			name = Release;
		};
/* End XCBuildConfiguration section */

/* Begin XCConfigurationList section */
		60CBECA626A84E3A0020703D /* Build configuration list for PBXProject "ToDoToday" */ = {
			isa = XCConfigurationList;
			buildConfigurations = (
				60CBECB826A84E3B0020703D /* Debug */,
				60CBECB926A84E3B0020703D /* Release */,
			);
			defaultConfigurationIsVisible = 0;
			defaultConfigurationName = Release;
		};
		60CBECBA26A84E3B0020703D /* Build configuration list for PBXNativeTarget "ToDoToday" */ = {
			isa = XCConfigurationList;
			buildConfigurations = (
				60CBECBB26A84E3B0020703D /* Debug */,
				60CBECBC26A84E3B0020703D /* Release */,
			);
			defaultConfigurationIsVisible = 0;
			defaultConfigurationName = Release;
		};
/* End XCConfigurationList section */

/* Begin XCRemoteSwiftPackageReference section */
		60A17A4F26DD928D0014A86E /* XCRemoteSwiftPackageReference "SwiftUI-Introspect" */ = {
			isa = XCRemoteSwiftPackageReference;
			repositoryURL = "https://github.com/siteline/SwiftUI-Introspect.git";
			requirement = {
				kind = upToNextMajorVersion;
				minimumVersion = 0.1.3;
			};
		};
		60A17A5526DE4C0B0014A86E /* XCRemoteSwiftPackageReference "SwiftUI-Navigation-Bar-Color" */ = {
			isa = XCRemoteSwiftPackageReference;
			repositoryURL = "https://github.com/haifengkao/SwiftUI-Navigation-Bar-Color";
			requirement = {
				kind = upToNextMajorVersion;
				minimumVersion = 0.9.0;
			};
		};
		60CBECCF26A850E70020703D /* XCRemoteSwiftPackageReference "lottie-ios" */ = {
			isa = XCRemoteSwiftPackageReference;
			repositoryURL = "https://github.com/airbnb/lottie-ios";
			requirement = {
				kind = upToNextMajorVersion;
				minimumVersion = 3.2.3;
			};
		};
/* End XCRemoteSwiftPackageReference section */

/* Begin XCSwiftPackageProductDependency section */
		60A17A5026DD928D0014A86E /* Introspect */ = {
			isa = XCSwiftPackageProductDependency;
			package = 60A17A4F26DD928D0014A86E /* XCRemoteSwiftPackageReference "SwiftUI-Introspect" */;
			productName = Introspect;
		};
		60A17A5626DE4C0B0014A86E /* SwiftUINavigationBarColor */ = {
			isa = XCSwiftPackageProductDependency;
			package = 60A17A5526DE4C0B0014A86E /* XCRemoteSwiftPackageReference "SwiftUI-Navigation-Bar-Color" */;
			productName = SwiftUINavigationBarColor;
		};
		60CBECD026A850E70020703D /* Lottie */ = {
			isa = XCSwiftPackageProductDependency;
			package = 60CBECCF26A850E70020703D /* XCRemoteSwiftPackageReference "lottie-ios" */;
			productName = Lottie;
		};
/* End XCSwiftPackageProductDependency section */

/* Begin XCVersionGroup section */
		6018EC5326BC491600184DB4 /* ColorPaletteCoreDataModel.xcdatamodeld */ = {
			isa = XCVersionGroup;
			children = (
				6018EC5426BC491600184DB4 /* ColorPaletteCoreData.xcdatamodel */,
			);
			currentVersion = 6018EC5426BC491600184DB4 /* ColorPaletteCoreData.xcdatamodel */;
			path = ColorPaletteCoreDataModel.xcdatamodeld;
			sourceTree = "<group>";
			versionGroupType = wrapper.xcdatamodel;
		};
		602FB2AA26E218DC00AED38F /* NotificationsDaysCoreModel.xcdatamodeld */ = {
			isa = XCVersionGroup;
			children = (
				602FB2AB26E218DC00AED38F /* NotificationsDaysCoreModel.xcdatamodel */,
			);
			currentVersion = 602FB2AB26E218DC00AED38F /* NotificationsDaysCoreModel.xcdatamodel */;
			path = NotificationsDaysCoreModel.xcdatamodeld;
			sourceTree = "<group>";
			versionGroupType = wrapper.xcdatamodel;
		};
		60CBECE026A852050020703D /* DrawingCanvasCoreDataModel.xcdatamodeld */ = {
			isa = XCVersionGroup;
			children = (
				60CBECE126A852050020703D /* DrawingCanvas.xcdatamodel */,
			);
			currentVersion = 60CBECE126A852050020703D /* DrawingCanvas.xcdatamodel */;
			path = DrawingCanvasCoreDataModel.xcdatamodeld;
			sourceTree = "<group>";
			versionGroupType = wrapper.xcdatamodel;
		};
/* End XCVersionGroup section */
	};
	rootObject = 60CBECA326A84E3A0020703D /* Project object */;
}
