// !$*UTF8*$!
{
	archiveVersion = 1;
	classes = {
	};
	objectVersion = 52;
	objects = {

/* Begin PBXBuildFile section */
		6025514726B30AD500D9F764 /* Type Reminder View.swift in Sources */ = {isa = PBXBuildFile; fileRef = 6025514626B30AD500D9F764 /* Type Reminder View.swift */; };
		6028CAFF26AEEACD0062E189 /* InitialCanvasDrawingView.swift in Sources */ = {isa = PBXBuildFile; fileRef = 6028CAFE26AEEACD0062E189 /* InitialCanvasDrawingView.swift */; };
		60689B5826AB24E000ED426F /* HoursView.swift in Sources */ = {isa = PBXBuildFile; fileRef = 60689B5726AB24DF00ED426F /* HoursView.swift */; };
		60C2DF6826B2CACD00347CE8 /* DrawingCanvas+CoreDataClass.swift in Sources */ = {isa = PBXBuildFile; fileRef = 60C2DF6626B2CACD00347CE8 /* DrawingCanvas+CoreDataClass.swift */; };
		60C2DF6926B2CACD00347CE8 /* DrawingCanvas+CoreDataProperties.swift in Sources */ = {isa = PBXBuildFile; fileRef = 60C2DF6726B2CACD00347CE8 /* DrawingCanvas+CoreDataProperties.swift */; };
		60C2DF6B26B2CC8900347CE8 /* TypeReminder.swift in Sources */ = {isa = PBXBuildFile; fileRef = 60C2DF6A26B2CC8900347CE8 /* TypeReminder.swift */; };
		60CBECAF26A84E3A0020703D /* ToDoTodayApp.swift in Sources */ = {isa = PBXBuildFile; fileRef = 60CBECAE26A84E3A0020703D /* ToDoTodayApp.swift */; };
		60CBECB126A84E3A0020703D /* ContentView.swift in Sources */ = {isa = PBXBuildFile; fileRef = 60CBECB026A84E3A0020703D /* ContentView.swift */; };
		60CBECB326A84E3B0020703D /* Assets.xcassets in Resources */ = {isa = PBXBuildFile; fileRef = 60CBECB226A84E3B0020703D /* Assets.xcassets */; };
		60CBECB626A84E3B0020703D /* Preview Assets.xcassets in Resources */ = {isa = PBXBuildFile; fileRef = 60CBECB526A84E3B0020703D /* Preview Assets.xcassets */; };
		60CBECC026A84F730020703D /* CloudKit.framework in Frameworks */ = {isa = PBXBuildFile; fileRef = 60CBECBF26A84F730020703D /* CloudKit.framework */; };
		60CBECC426A8500C0020703D /* SetupCard Screen.swift in Sources */ = {isa = PBXBuildFile; fileRef = 60CBECC326A8500C0020703D /* SetupCard Screen.swift */; };
		60CBECC626A8501E0020703D /* UserPreferenceModel.swift in Sources */ = {isa = PBXBuildFile; fileRef = 60CBECC526A8501E0020703D /* UserPreferenceModel.swift */; };
		60CBECC826A850330020703D /* ListTypeSetupView.swift in Sources */ = {isa = PBXBuildFile; fileRef = 60CBECC726A850330020703D /* ListTypeSetupView.swift */; };
		60CBECCA26A850570020703D /* NotificationPermessionView.swift in Sources */ = {isa = PBXBuildFile; fileRef = 60CBECC926A850570020703D /* NotificationPermessionView.swift */; };
		60CBECCC26A8506B0020703D /* iCloudSyncView.swift in Sources */ = {isa = PBXBuildFile; fileRef = 60CBECCB26A8506B0020703D /* iCloudSyncView.swift */; };
		60CBECCE26A850840020703D /* TermsandConditionView.swift in Sources */ = {isa = PBXBuildFile; fileRef = 60CBECCD26A850840020703D /* TermsandConditionView.swift */; };
		60CBECD126A850E70020703D /* Lottie in Frameworks */ = {isa = PBXBuildFile; productRef = 60CBECD026A850E70020703D /* Lottie */; };
		60CBECD426A8510E0020703D /* LottieView.swift in Sources */ = {isa = PBXBuildFile; fileRef = 60CBECD326A8510E0020703D /* LottieView.swift */; };
		60CBECD826A851780020703D /* SwipeUpLottie.json in Resources */ = {isa = PBXBuildFile; fileRef = 60CBECD626A851780020703D /* SwipeUpLottie.json */; };
		60CBECD926A851780020703D /* GoingofPlaneLottie.json in Resources */ = {isa = PBXBuildFile; fileRef = 60CBECD726A851780020703D /* GoingofPlaneLottie.json */; };
		60CBECDC26A851CB0020703D /* DrawingCanvasView.swift in Sources */ = {isa = PBXBuildFile; fileRef = 60CBECDB26A851CB0020703D /* DrawingCanvasView.swift */; };
		60CBECDE26A851E20020703D /* DrawingCanvasViewController.swift in Sources */ = {isa = PBXBuildFile; fileRef = 60CBECDD26A851E20020703D /* DrawingCanvasViewController.swift */; };
		60CBECE226A852050020703D /* DrawingCanvasCoreDataModel.xcdatamodeld in Sources */ = {isa = PBXBuildFile; fileRef = 60CBECE026A852050020703D /* DrawingCanvasCoreDataModel.xcdatamodeld */; };
		60CBECE526A852440020703D /* Persistance.swift in Sources */ = {isa = PBXBuildFile; fileRef = 60CBECE426A852440020703D /* Persistance.swift */; };
		60CBECE726A8525E0020703D /* TodayCanvasView.swift in Sources */ = {isa = PBXBuildFile; fileRef = 60CBECE626A8525E0020703D /* TodayCanvasView.swift */; };
		60CBECE926A8527E0020703D /* CalendarReminderView.swift in Sources */ = {isa = PBXBuildFile; fileRef = 60CBECE826A8527E0020703D /* CalendarReminderView.swift */; };
		60CBECEB26A852930020703D /* PlaceholderView.swift in Sources */ = {isa = PBXBuildFile; fileRef = 60CBECEA26A852930020703D /* PlaceholderView.swift */; };
		60CBECED26A852A70020703D /* AddNewCanvasView.swift in Sources */ = {isa = PBXBuildFile; fileRef = 60CBECEC26A852A70020703D /* AddNewCanvasView.swift */; };
		60CBECEF26A852BA0020703D /* DrawingView.swift in Sources */ = {isa = PBXBuildFile; fileRef = 60CBECEE26A852BA0020703D /* DrawingView.swift */; };
		60D0EC9B26B094D0001E98EE /* HourOfDay.swift in Sources */ = {isa = PBXBuildFile; fileRef = 60D0EC9A26B094D0001E98EE /* HourOfDay.swift */; };
		60D0EC9D26B09559001E98EE /* Array Extension.swift in Sources */ = {isa = PBXBuildFile; fileRef = 60D0EC9C26B09559001E98EE /* Array Extension.swift */; };
		60D0EC9F26B095BA001E98EE /* ForEach with Index Localisations.swift in Sources */ = {isa = PBXBuildFile; fileRef = 60D0EC9E26B095BA001E98EE /* ForEach with Index Localisations.swift */; };
		60E2E64926A85E4500B1BAA6 /* undismissableVC.swift in Sources */ = {isa = PBXBuildFile; fileRef = 60E2E64826A85E4500B1BAA6 /* undismissableVC.swift */; };
		60E2E64B26A85E8E00B1BAA6 /* DisableModalDismiss.swift in Sources */ = {isa = PBXBuildFile; fileRef = 60E2E64A26A85E8E00B1BAA6 /* DisableModalDismiss.swift */; };
		60E5F35926AD8F1100F1E609 /* CalendarView.swift in Sources */ = {isa = PBXBuildFile; fileRef = 60E5F35826AD8F1100F1E609 /* CalendarView.swift */; };
/* End PBXBuildFile section */

/* Begin PBXFileReference section */
		6025514626B30AD500D9F764 /* Type Reminder View.swift */ = {isa = PBXFileReference; lastKnownFileType = sourcecode.swift; path = "Type Reminder View.swift"; sourceTree = "<group>"; };
		6028CAFE26AEEACD0062E189 /* InitialCanvasDrawingView.swift */ = {isa = PBXFileReference; lastKnownFileType = sourcecode.swift; path = InitialCanvasDrawingView.swift; sourceTree = "<group>"; };
		60689B5726AB24DF00ED426F /* HoursView.swift */ = {isa = PBXFileReference; lastKnownFileType = sourcecode.swift; path = HoursView.swift; sourceTree = "<group>"; };
		60C2DF6626B2CACD00347CE8 /* DrawingCanvas+CoreDataClass.swift */ = {isa = PBXFileReference; lastKnownFileType = sourcecode.swift; path = "DrawingCanvas+CoreDataClass.swift"; sourceTree = "<group>"; };
		60C2DF6726B2CACD00347CE8 /* DrawingCanvas+CoreDataProperties.swift */ = {isa = PBXFileReference; lastKnownFileType = sourcecode.swift; path = "DrawingCanvas+CoreDataProperties.swift"; sourceTree = "<group>"; };
		60C2DF6A26B2CC8900347CE8 /* TypeReminder.swift */ = {isa = PBXFileReference; lastKnownFileType = sourcecode.swift; path = TypeReminder.swift; sourceTree = "<group>"; };
		60CBECAB26A84E3A0020703D /* ToDoToday.app */ = {isa = PBXFileReference; explicitFileType = wrapper.application; includeInIndex = 0; path = ToDoToday.app; sourceTree = BUILT_PRODUCTS_DIR; };
		60CBECAE26A84E3A0020703D /* ToDoTodayApp.swift */ = {isa = PBXFileReference; lastKnownFileType = sourcecode.swift; path = ToDoTodayApp.swift; sourceTree = "<group>"; };
		60CBECB026A84E3A0020703D /* ContentView.swift */ = {isa = PBXFileReference; lastKnownFileType = sourcecode.swift; path = ContentView.swift; sourceTree = "<group>"; };
		60CBECB226A84E3B0020703D /* Assets.xcassets */ = {isa = PBXFileReference; lastKnownFileType = folder.assetcatalog; path = Assets.xcassets; sourceTree = "<group>"; };
		60CBECB526A84E3B0020703D /* Preview Assets.xcassets */ = {isa = PBXFileReference; lastKnownFileType = folder.assetcatalog; path = "Preview Assets.xcassets"; sourceTree = "<group>"; };
		60CBECB726A84E3B0020703D /* Info.plist */ = {isa = PBXFileReference; lastKnownFileType = text.plist.xml; path = Info.plist; sourceTree = "<group>"; };
		60CBECBD26A84E4D0020703D /* ToDoToday.entitlements */ = {isa = PBXFileReference; lastKnownFileType = text.plist.entitlements; path = ToDoToday.entitlements; sourceTree = "<group>"; };
		60CBECBF26A84F730020703D /* CloudKit.framework */ = {isa = PBXFileReference; lastKnownFileType = wrapper.framework; name = CloudKit.framework; path = System/Library/Frameworks/CloudKit.framework; sourceTree = SDKROOT; };
		60CBECC326A8500C0020703D /* SetupCard Screen.swift */ = {isa = PBXFileReference; lastKnownFileType = sourcecode.swift; path = "SetupCard Screen.swift"; sourceTree = "<group>"; };
		60CBECC526A8501E0020703D /* UserPreferenceModel.swift */ = {isa = PBXFileReference; lastKnownFileType = sourcecode.swift; path = UserPreferenceModel.swift; sourceTree = "<group>"; };
		60CBECC726A850330020703D /* ListTypeSetupView.swift */ = {isa = PBXFileReference; lastKnownFileType = sourcecode.swift; path = ListTypeSetupView.swift; sourceTree = "<group>"; };
		60CBECC926A850570020703D /* NotificationPermessionView.swift */ = {isa = PBXFileReference; lastKnownFileType = sourcecode.swift; path = NotificationPermessionView.swift; sourceTree = "<group>"; };
		60CBECCB26A8506B0020703D /* iCloudSyncView.swift */ = {isa = PBXFileReference; lastKnownFileType = sourcecode.swift; path = iCloudSyncView.swift; sourceTree = "<group>"; };
		60CBECCD26A850840020703D /* TermsandConditionView.swift */ = {isa = PBXFileReference; lastKnownFileType = sourcecode.swift; path = TermsandConditionView.swift; sourceTree = "<group>"; };
		60CBECD326A8510E0020703D /* LottieView.swift */ = {isa = PBXFileReference; lastKnownFileType = sourcecode.swift; path = LottieView.swift; sourceTree = "<group>"; };
		60CBECD626A851780020703D /* SwipeUpLottie.json */ = {isa = PBXFileReference; fileEncoding = 4; lastKnownFileType = text.json; path = SwipeUpLottie.json; sourceTree = "<group>"; };
		60CBECD726A851780020703D /* GoingofPlaneLottie.json */ = {isa = PBXFileReference; fileEncoding = 4; lastKnownFileType = text.json; path = GoingofPlaneLottie.json; sourceTree = "<group>"; };
		60CBECDB26A851CB0020703D /* DrawingCanvasView.swift */ = {isa = PBXFileReference; lastKnownFileType = sourcecode.swift; name = DrawingCanvasView.swift; path = ToDoToday/Extensions/DrawingCanvasView.swift; sourceTree = SOURCE_ROOT; };
		60CBECDD26A851E20020703D /* DrawingCanvasViewController.swift */ = {isa = PBXFileReference; lastKnownFileType = sourcecode.swift; path = DrawingCanvasViewController.swift; sourceTree = "<group>"; };
		60CBECE126A852050020703D /* DrawingCanvas.xcdatamodel */ = {isa = PBXFileReference; lastKnownFileType = wrapper.xcdatamodel; path = DrawingCanvas.xcdatamodel; sourceTree = "<group>"; };
		60CBECE426A852440020703D /* Persistance.swift */ = {isa = PBXFileReference; lastKnownFileType = sourcecode.swift; path = Persistance.swift; sourceTree = "<group>"; };
		60CBECE626A8525E0020703D /* TodayCanvasView.swift */ = {isa = PBXFileReference; lastKnownFileType = sourcecode.swift; path = TodayCanvasView.swift; sourceTree = "<group>"; };
		60CBECE826A8527E0020703D /* CalendarReminderView.swift */ = {isa = PBXFileReference; lastKnownFileType = sourcecode.swift; path = CalendarReminderView.swift; sourceTree = "<group>"; };
		60CBECEA26A852930020703D /* PlaceholderView.swift */ = {isa = PBXFileReference; lastKnownFileType = sourcecode.swift; path = PlaceholderView.swift; sourceTree = "<group>"; };
		60CBECEC26A852A70020703D /* AddNewCanvasView.swift */ = {isa = PBXFileReference; lastKnownFileType = sourcecode.swift; path = AddNewCanvasView.swift; sourceTree = "<group>"; };
		60CBECEE26A852BA0020703D /* DrawingView.swift */ = {isa = PBXFileReference; lastKnownFileType = sourcecode.swift; path = DrawingView.swift; sourceTree = "<group>"; };
		60D0EC9A26B094D0001E98EE /* HourOfDay.swift */ = {isa = PBXFileReference; lastKnownFileType = sourcecode.swift; path = HourOfDay.swift; sourceTree = "<group>"; };
		60D0EC9C26B09559001E98EE /* Array Extension.swift */ = {isa = PBXFileReference; lastKnownFileType = sourcecode.swift; path = "Array Extension.swift"; sourceTree = "<group>"; };
		60D0EC9E26B095BA001E98EE /* ForEach with Index Localisations.swift */ = {isa = PBXFileReference; lastKnownFileType = sourcecode.swift; path = "ForEach with Index Localisations.swift"; sourceTree = "<group>"; };
		60E2E64826A85E4500B1BAA6 /* undismissableVC.swift */ = {isa = PBXFileReference; lastKnownFileType = sourcecode.swift; path = undismissableVC.swift; sourceTree = "<group>"; };
		60E2E64A26A85E8E00B1BAA6 /* DisableModalDismiss.swift */ = {isa = PBXFileReference; lastKnownFileType = sourcecode.swift; path = DisableModalDismiss.swift; sourceTree = "<group>"; };
		60E5F35826AD8F1100F1E609 /* CalendarView.swift */ = {isa = PBXFileReference; lastKnownFileType = sourcecode.swift; path = CalendarView.swift; sourceTree = "<group>"; };
/* End PBXFileReference section */

/* Begin PBXFrameworksBuildPhase section */
		60CBECA826A84E3A0020703D /* Frameworks */ = {
			isa = PBXFrameworksBuildPhase;
			buildActionMask = 2147483647;
			files = (
				60CBECC026A84F730020703D /* CloudKit.framework in Frameworks */,
				60CBECD126A850E70020703D /* Lottie in Frameworks */,
			);
			runOnlyForDeploymentPostprocessing = 0;
		};
/* End PBXFrameworksBuildPhase section */

/* Begin PBXGroup section */
		6025514426B2D9F900D9F764 /* Adding New Reminder  */ = {
			isa = PBXGroup;
			children = (
				60CBECEC26A852A70020703D /* AddNewCanvasView.swift */,
				6028CAFE26AEEACD0062E189 /* InitialCanvasDrawingView.swift */,
			);
			path = "Adding New Reminder ";
			sourceTree = "<group>";
		};
		6025514526B2DA1900D9F764 /* Initial Views */ = {
			isa = PBXGroup;
			children = (
				60CBECEA26A852930020703D /* PlaceholderView.swift */,
			);
			path = "Initial Views";
			sourceTree = "<group>";
		};
		60CBECA226A84E3A0020703D = {
			isa = PBXGroup;
			children = (
				60CBECAD26A84E3A0020703D /* ToDoToday */,
				60CBECAC26A84E3A0020703D /* Products */,
				60CBECBE26A84F730020703D /* Frameworks */,
			);
			sourceTree = "<group>";
		};
		60CBECAC26A84E3A0020703D /* Products */ = {
			isa = PBXGroup;
			children = (
				60CBECAB26A84E3A0020703D /* ToDoToday.app */,
			);
			name = Products;
			sourceTree = "<group>";
		};
		60CBECAD26A84E3A0020703D /* ToDoToday */ = {
			isa = PBXGroup;
			children = (
				60CBECC526A8501E0020703D /* UserPreferenceModel.swift */,
				60CBECD226A851050020703D /* Extensions */,
				60CBECC226A84FDC0020703D /* Reminder Calendar Type Views */,
				60CBECC126A84FD70020703D /* Setup Views and Models */,
				60CBECBD26A84E4D0020703D /* ToDoToday.entitlements */,
				60CBECAE26A84E3A0020703D /* ToDoTodayApp.swift */,
				60CBECB026A84E3A0020703D /* ContentView.swift */,
				60CBECB226A84E3B0020703D /* Assets.xcassets */,
				60CBECB726A84E3B0020703D /* Info.plist */,
				60CBECB426A84E3B0020703D /* Preview Content */,
			);
			path = ToDoToday;
			sourceTree = "<group>";
		};
		60CBECB426A84E3B0020703D /* Preview Content */ = {
			isa = PBXGroup;
			children = (
				60CBECB526A84E3B0020703D /* Preview Assets.xcassets */,
			);
			path = "Preview Content";
			sourceTree = "<group>";
		};
		60CBECBE26A84F730020703D /* Frameworks */ = {
			isa = PBXGroup;
			children = (
				60CBECBF26A84F730020703D /* CloudKit.framework */,
			);
			name = Frameworks;
			sourceTree = "<group>";
		};
		60CBECC126A84FD70020703D /* Setup Views and Models */ = {
			isa = PBXGroup;
			children = (
				60CBECD526A8516C0020703D /* Lottie Animations */,
				60CBECC326A8500C0020703D /* SetupCard Screen.swift */,
				60CBECC726A850330020703D /* ListTypeSetupView.swift */,
				60CBECC926A850570020703D /* NotificationPermessionView.swift */,
				60CBECCB26A8506B0020703D /* iCloudSyncView.swift */,
				60CBECCD26A850840020703D /* TermsandConditionView.swift */,
			);
			path = "Setup Views and Models";
			sourceTree = "<group>";
		};
		60CBECC226A84FDC0020703D /* Reminder Calendar Type Views */ = {
			isa = PBXGroup;
			children = (
				6025514526B2DA1900D9F764 /* Initial Views */,
				6025514426B2D9F900D9F764 /* Adding New Reminder  */,
				60D0EC9926B094B9001E98EE /* Classes */,
				60CBECE326A852390020703D /* Data Manager */,
				60CBECDF26A851F30020703D /* Model */,
				60CBECDA26A851B50020703D /* View Controller UIKit */,
				60CBECE626A8525E0020703D /* TodayCanvasView.swift */,
				60CBECE826A8527E0020703D /* CalendarReminderView.swift */,
				60CBECEE26A852BA0020703D /* DrawingView.swift */,
				60689B5726AB24DF00ED426F /* HoursView.swift */,
				60E5F35826AD8F1100F1E609 /* CalendarView.swift */,
				6025514626B30AD500D9F764 /* Type Reminder View.swift */,
			);
			path = "Reminder Calendar Type Views";
			sourceTree = "<group>";
		};
		60CBECD226A851050020703D /* Extensions */ = {
			isa = PBXGroup;
			children = (
				60E2E64C26A85ED600B1BAA6 /* Sheet Modifiers */,
				60CBECD326A8510E0020703D /* LottieView.swift */,
				60D0EC9C26B09559001E98EE /* Array Extension.swift */,
				60D0EC9E26B095BA001E98EE /* ForEach with Index Localisations.swift */,
			);
			path = Extensions;
			sourceTree = "<group>";
		};
		60CBECD526A8516C0020703D /* Lottie Animations */ = {
			isa = PBXGroup;
			children = (
				60CBECD726A851780020703D /* GoingofPlaneLottie.json */,
				60CBECD626A851780020703D /* SwipeUpLottie.json */,
			);
			path = "Lottie Animations";
			sourceTree = "<group>";
		};
		60CBECDA26A851B50020703D /* View Controller UIKit */ = {
			isa = PBXGroup;
			children = (
				60CBECDB26A851CB0020703D /* DrawingCanvasView.swift */,
				60CBECDD26A851E20020703D /* DrawingCanvasViewController.swift */,
			);
			path = "View Controller UIKit";
			sourceTree = "<group>";
		};
		60CBECDF26A851F30020703D /* Model */ = {
			isa = PBXGroup;
			children = (
				60CBECE026A852050020703D /* DrawingCanvasCoreDataModel.xcdatamodeld */,
				60C2DF6626B2CACD00347CE8 /* DrawingCanvas+CoreDataClass.swift */,
				60C2DF6726B2CACD00347CE8 /* DrawingCanvas+CoreDataProperties.swift */,
				60C2DF6A26B2CC8900347CE8 /* TypeReminder.swift */,
			);
			path = Model;
			sourceTree = "<group>";
		};
		60CBECE326A852390020703D /* Data Manager */ = {
			isa = PBXGroup;
			children = (
				60CBECE426A852440020703D /* Persistance.swift */,
			);
			path = "Data Manager";
			sourceTree = "<group>";
		};
		60D0EC9926B094B9001E98EE /* Classes */ = {
			isa = PBXGroup;
			children = (
				60D0EC9A26B094D0001E98EE /* HourOfDay.swift */,
			);
			path = Classes;
			sourceTree = "<group>";
		};
		60E2E64C26A85ED600B1BAA6 /* Sheet Modifiers */ = {
			isa = PBXGroup;
			children = (
				60E2E64A26A85E8E00B1BAA6 /* DisableModalDismiss.swift */,
				60E2E64826A85E4500B1BAA6 /* undismissableVC.swift */,
			);
			path = "Sheet Modifiers";
			sourceTree = "<group>";
		};
/* End PBXGroup section */

/* Begin PBXNativeTarget section */
		60CBECAA26A84E3A0020703D /* ToDoToday */ = {
			isa = PBXNativeTarget;
			buildConfigurationList = 60CBECBA26A84E3B0020703D /* Build configuration list for PBXNativeTarget "ToDoToday" */;
			buildPhases = (
				60CBECA726A84E3A0020703D /* Sources */,
				60CBECA826A84E3A0020703D /* Frameworks */,
				60CBECA926A84E3A0020703D /* Resources */,
			);
			buildRules = (
			);
			dependencies = (
			);
			name = ToDoToday;
			packageProductDependencies = (
				60CBECD026A850E70020703D /* Lottie */,
			);
			productName = ToDoToday;
			productReference = 60CBECAB26A84E3A0020703D /* ToDoToday.app */;
			productType = "com.apple.product-type.application";
		};
/* End PBXNativeTarget section */

/* Begin PBXProject section */
		60CBECA326A84E3A0020703D /* Project object */ = {
			isa = PBXProject;
			attributes = {
				LastSwiftUpdateCheck = 1250;
				LastUpgradeCheck = 1250;
				TargetAttributes = {
					60CBECAA26A84E3A0020703D = {
						CreatedOnToolsVersion = 12.5.1;
					};
				};
			};
			buildConfigurationList = 60CBECA626A84E3A0020703D /* Build configuration list for PBXProject "ToDoToday" */;
			compatibilityVersion = "Xcode 9.3";
			developmentRegion = en;
			hasScannedForEncodings = 0;
			knownRegions = (
				en,
				Base,
			);
			mainGroup = 60CBECA226A84E3A0020703D;
			packageReferences = (
				60CBECCF26A850E70020703D /* XCRemoteSwiftPackageReference "lottie-ios" */,
			);
			productRefGroup = 60CBECAC26A84E3A0020703D /* Products */;
			projectDirPath = "";
			projectRoot = "";
			targets = (
				60CBECAA26A84E3A0020703D /* ToDoToday */,
			);
		};
/* End PBXProject section */

/* Begin PBXResourcesBuildPhase section */
		60CBECA926A84E3A0020703D /* Resources */ = {
			isa = PBXResourcesBuildPhase;
			buildActionMask = 2147483647;
			files = (
				60CBECB626A84E3B0020703D /* Preview Assets.xcassets in Resources */,
				60CBECD926A851780020703D /* GoingofPlaneLottie.json in Resources */,
				60CBECD826A851780020703D /* SwipeUpLottie.json in Resources */,
				60CBECB326A84E3B0020703D /* Assets.xcassets in Resources */,
			);
			runOnlyForDeploymentPostprocessing = 0;
		};
/* End PBXResourcesBuildPhase section */

/* Begin PBXSourcesBuildPhase section */
		60CBECA726A84E3A0020703D /* Sources */ = {
			isa = PBXSourcesBuildPhase;
			buildActionMask = 2147483647;
			files = (
				60CBECCA26A850570020703D /* NotificationPermessionView.swift in Sources */,
				60CBECE926A8527E0020703D /* CalendarReminderView.swift in Sources */,
				60CBECE526A852440020703D /* Persistance.swift in Sources */,
				60CBECDE26A851E20020703D /* DrawingCanvasViewController.swift in Sources */,
				60689B5826AB24E000ED426F /* HoursView.swift in Sources */,
				60CBECB126A84E3A0020703D /* ContentView.swift in Sources */,
				60E5F35926AD8F1100F1E609 /* CalendarView.swift in Sources */,
				60C2DF6826B2CACD00347CE8 /* DrawingCanvas+CoreDataClass.swift in Sources */,
				60CBECD426A8510E0020703D /* LottieView.swift in Sources */,
				60CBECC426A8500C0020703D /* SetupCard Screen.swift in Sources */,
				60C2DF6B26B2CC8900347CE8 /* TypeReminder.swift in Sources */,
				60CBECAF26A84E3A0020703D /* ToDoTodayApp.swift in Sources */,
				6025514726B30AD500D9F764 /* Type Reminder View.swift in Sources */,
				60CBECDC26A851CB0020703D /* DrawingCanvasView.swift in Sources */,
				60D0EC9B26B094D0001E98EE /* HourOfDay.swift in Sources */,
				60CBECE726A8525E0020703D /* TodayCanvasView.swift in Sources */,
				60CBECC826A850330020703D /* ListTypeSetupView.swift in Sources */,
				60D0EC9F26B095BA001E98EE /* ForEach with Index Localisations.swift in Sources */,
				60C2DF6926B2CACD00347CE8 /* DrawingCanvas+CoreDataProperties.swift in Sources */,
				60CBECCC26A8506B0020703D /* iCloudSyncView.swift in Sources */,
				60CBECCE26A850840020703D /* TermsandConditionView.swift in Sources */,
				6028CAFF26AEEACD0062E189 /* InitialCanvasDrawingView.swift in Sources */,
				60E2E64B26A85E8E00B1BAA6 /* DisableModalDismiss.swift in Sources */,
				60CBECED26A852A70020703D /* AddNewCanvasView.swift in Sources */,
				60D0EC9D26B09559001E98EE /* Array Extension.swift in Sources */,
				60CBECE226A852050020703D /* DrawingCanvasCoreDataModel.xcdatamodeld in Sources */,
				60E2E64926A85E4500B1BAA6 /* undismissableVC.swift in Sources */,
				60CBECEF26A852BA0020703D /* DrawingView.swift in Sources */,
				60CBECEB26A852930020703D /* PlaceholderView.swift in Sources */,
				60CBECC626A8501E0020703D /* UserPreferenceModel.swift in Sources */,
			);
			runOnlyForDeploymentPostprocessing = 0;
		};
/* End PBXSourcesBuildPhase section */

/* Begin XCBuildConfiguration section */
		60CBECB826A84E3B0020703D /* Debug */ = {
			isa = XCBuildConfiguration;
			buildSettings = {
				ALWAYS_SEARCH_USER_PATHS = NO;
				CLANG_ANALYZER_NONNULL = YES;
				CLANG_ANALYZER_NUMBER_OBJECT_CONVERSION = YES_AGGRESSIVE;
				CLANG_CXX_LANGUAGE_STANDARD = "gnu++14";
				CLANG_CXX_LIBRARY = "libc++";
				CLANG_ENABLE_MODULES = YES;
				CLANG_ENABLE_OBJC_ARC = YES;
				CLANG_ENABLE_OBJC_WEAK = YES;
				CLANG_WARN_BLOCK_CAPTURE_AUTORELEASING = YES;
				CLANG_WARN_BOOL_CONVERSION = YES;
				CLANG_WARN_COMMA = YES;
				CLANG_WARN_CONSTANT_CONVERSION = YES;
				CLANG_WARN_DEPRECATED_OBJC_IMPLEMENTATIONS = YES;
				CLANG_WARN_DIRECT_OBJC_ISA_USAGE = YES_ERROR;
				CLANG_WARN_DOCUMENTATION_COMMENTS = YES;
				CLANG_WARN_EMPTY_BODY = YES;
				CLANG_WARN_ENUM_CONVERSION = YES;
				CLANG_WARN_INFINITE_RECURSION = YES;
				CLANG_WARN_INT_CONVERSION = YES;
				CLANG_WARN_NON_LITERAL_NULL_CONVERSION = YES;
				CLANG_WARN_OBJC_IMPLICIT_RETAIN_SELF = YES;
				CLANG_WARN_OBJC_LITERAL_CONVERSION = YES;
				CLANG_WARN_OBJC_ROOT_CLASS = YES_ERROR;
				CLANG_WARN_QUOTED_INCLUDE_IN_FRAMEWORK_HEADER = YES;
				CLANG_WARN_RANGE_LOOP_ANALYSIS = YES;
				CLANG_WARN_STRICT_PROTOTYPES = YES;
				CLANG_WARN_SUSPICIOUS_MOVE = YES;
				CLANG_WARN_UNGUARDED_AVAILABILITY = YES_AGGRESSIVE;
				CLANG_WARN_UNREACHABLE_CODE = YES;
				CLANG_WARN__DUPLICATE_METHOD_MATCH = YES;
				COPY_PHASE_STRIP = NO;
				DEBUG_INFORMATION_FORMAT = dwarf;
				ENABLE_STRICT_OBJC_MSGSEND = YES;
				ENABLE_TESTABILITY = YES;
				GCC_C_LANGUAGE_STANDARD = gnu11;
				GCC_DYNAMIC_NO_PIC = NO;
				GCC_NO_COMMON_BLOCKS = YES;
				GCC_OPTIMIZATION_LEVEL = 0;
				GCC_PREPROCESSOR_DEFINITIONS = (
					"DEBUG=1",
					"$(inherited)",
				);
				GCC_WARN_64_TO_32_BIT_CONVERSION = YES;
				GCC_WARN_ABOUT_RETURN_TYPE = YES_ERROR;
				GCC_WARN_UNDECLARED_SELECTOR = YES;
				GCC_WARN_UNINITIALIZED_AUTOS = YES_AGGRESSIVE;
				GCC_WARN_UNUSED_FUNCTION = YES;
				GCC_WARN_UNUSED_VARIABLE = YES;
				IPHONEOS_DEPLOYMENT_TARGET = 14.5;
				MTL_ENABLE_DEBUG_INFO = INCLUDE_SOURCE;
				MTL_FAST_MATH = YES;
				ONLY_ACTIVE_ARCH = YES;
				SDKROOT = iphoneos;
				SWIFT_ACTIVE_COMPILATION_CONDITIONS = DEBUG;
				SWIFT_OPTIMIZATION_LEVEL = "-Onone";
			};
			name = Debug;
		};
		60CBECB926A84E3B0020703D /* Release */ = {
			isa = XCBuildConfiguration;
			buildSettings = {
				ALWAYS_SEARCH_USER_PATHS = NO;
				CLANG_ANALYZER_NONNULL = YES;
				CLANG_ANALYZER_NUMBER_OBJECT_CONVERSION = YES_AGGRESSIVE;
				CLANG_CXX_LANGUAGE_STANDARD = "gnu++14";
				CLANG_CXX_LIBRARY = "libc++";
				CLANG_ENABLE_MODULES = YES;
				CLANG_ENABLE_OBJC_ARC = YES;
				CLANG_ENABLE_OBJC_WEAK = YES;
				CLANG_WARN_BLOCK_CAPTURE_AUTORELEASING = YES;
				CLANG_WARN_BOOL_CONVERSION = YES;
				CLANG_WARN_COMMA = YES;
				CLANG_WARN_CONSTANT_CONVERSION = YES;
				CLANG_WARN_DEPRECATED_OBJC_IMPLEMENTATIONS = YES;
				CLANG_WARN_DIRECT_OBJC_ISA_USAGE = YES_ERROR;
				CLANG_WARN_DOCUMENTATION_COMMENTS = YES;
				CLANG_WARN_EMPTY_BODY = YES;
				CLANG_WARN_ENUM_CONVERSION = YES;
				CLANG_WARN_INFINITE_RECURSION = YES;
				CLANG_WARN_INT_CONVERSION = YES;
				CLANG_WARN_NON_LITERAL_NULL_CONVERSION = YES;
				CLANG_WARN_OBJC_IMPLICIT_RETAIN_SELF = YES;
				CLANG_WARN_OBJC_LITERAL_CONVERSION = YES;
				CLANG_WARN_OBJC_ROOT_CLASS = YES_ERROR;
				CLANG_WARN_QUOTED_INCLUDE_IN_FRAMEWORK_HEADER = YES;
				CLANG_WARN_RANGE_LOOP_ANALYSIS = YES;
				CLANG_WARN_STRICT_PROTOTYPES = YES;
				CLANG_WARN_SUSPICIOUS_MOVE = YES;
				CLANG_WARN_UNGUARDED_AVAILABILITY = YES_AGGRESSIVE;
				CLANG_WARN_UNREACHABLE_CODE = YES;
				CLANG_WARN__DUPLICATE_METHOD_MATCH = YES;
				COPY_PHASE_STRIP = NO;
				DEBUG_INFORMATION_FORMAT = "dwarf-with-dsym";
				ENABLE_NS_ASSERTIONS = NO;
				ENABLE_STRICT_OBJC_MSGSEND = YES;
				GCC_C_LANGUAGE_STANDARD = gnu11;
				GCC_NO_COMMON_BLOCKS = YES;
				GCC_WARN_64_TO_32_BIT_CONVERSION = YES;
				GCC_WARN_ABOUT_RETURN_TYPE = YES_ERROR;
				GCC_WARN_UNDECLARED_SELECTOR = YES;
				GCC_WARN_UNINITIALIZED_AUTOS = YES_AGGRESSIVE;
				GCC_WARN_UNUSED_FUNCTION = YES;
				GCC_WARN_UNUSED_VARIABLE = YES;
				IPHONEOS_DEPLOYMENT_TARGET = 14.5;
				MTL_ENABLE_DEBUG_INFO = NO;
				MTL_FAST_MATH = YES;
				SDKROOT = iphoneos;
				SWIFT_COMPILATION_MODE = wholemodule;
				SWIFT_OPTIMIZATION_LEVEL = "-O";
				VALIDATE_PRODUCT = YES;
			};
			name = Release;
		};
		60CBECBB26A84E3B0020703D /* Debug */ = {
			isa = XCBuildConfiguration;
			buildSettings = {
				ASSETCATALOG_COMPILER_APPICON_NAME = AppIcon;
				ASSETCATALOG_COMPILER_GLOBAL_ACCENT_COLOR_NAME = AccentColor;
				CODE_SIGN_ENTITLEMENTS = ToDoToday/ToDoToday.entitlements;
				CODE_SIGN_STYLE = Automatic;
				DEVELOPMENT_ASSET_PATHS = "\"ToDoToday/Preview Content\"";
				DEVELOPMENT_TEAM = P69D93MRT6;
				ENABLE_PREVIEWS = YES;
				INFOPLIST_FILE = ToDoToday/Info.plist;
				IPHONEOS_DEPLOYMENT_TARGET = 14.0;
				LD_RUNPATH_SEARCH_PATHS = (
					"$(inherited)",
					"@executable_path/Frameworks",
				);
				PRODUCT_BUNDLE_IDENTIFIER = com.NoedeLaCroix.ToDoToday;
				PRODUCT_NAME = "$(TARGET_NAME)";
				SUPPORTS_MACCATALYST = YES;
				SUPPORTS_MAC_DESIGNED_FOR_IPHONE_IPAD = NO;
				SWIFT_VERSION = 5.0;
				TARGETED_DEVICE_FAMILY = "1,2";
			};
			name = Debug;
		};
		60CBECBC26A84E3B0020703D /* Release */ = {
			isa = XCBuildConfiguration;
			buildSettings = {
				ASSETCATALOG_COMPILER_APPICON_NAME = AppIcon;
				ASSETCATALOG_COMPILER_GLOBAL_ACCENT_COLOR_NAME = AccentColor;
				CODE_SIGN_ENTITLEMENTS = ToDoToday/ToDoToday.entitlements;
				CODE_SIGN_STYLE = Automatic;
				DEVELOPMENT_ASSET_PATHS = "\"ToDoToday/Preview Content\"";
				DEVELOPMENT_TEAM = P69D93MRT6;
				ENABLE_PREVIEWS = YES;
				INFOPLIST_FILE = ToDoToday/Info.plist;
				IPHONEOS_DEPLOYMENT_TARGET = 14.0;
				LD_RUNPATH_SEARCH_PATHS = (
					"$(inherited)",
					"@executable_path/Frameworks",
				);
				PRODUCT_BUNDLE_IDENTIFIER = com.NoedeLaCroix.ToDoToday;
				PRODUCT_NAME = "$(TARGET_NAME)";
				SUPPORTS_MACCATALYST = YES;
				SUPPORTS_MAC_DESIGNED_FOR_IPHONE_IPAD = NO;
				SWIFT_VERSION = 5.0;
				TARGETED_DEVICE_FAMILY = "1,2";
			};
			name = Release;
		};
/* End XCBuildConfiguration section */

/* Begin XCConfigurationList section */
		60CBECA626A84E3A0020703D /* Build configuration list for PBXProject "ToDoToday" */ = {
			isa = XCConfigurationList;
			buildConfigurations = (
				60CBECB826A84E3B0020703D /* Debug */,
				60CBECB926A84E3B0020703D /* Release */,
			);
			defaultConfigurationIsVisible = 0;
			defaultConfigurationName = Release;
		};
		60CBECBA26A84E3B0020703D /* Build configuration list for PBXNativeTarget "ToDoToday" */ = {
			isa = XCConfigurationList;
			buildConfigurations = (
				60CBECBB26A84E3B0020703D /* Debug */,
				60CBECBC26A84E3B0020703D /* Release */,
			);
			defaultConfigurationIsVisible = 0;
			defaultConfigurationName = Release;
		};
/* End XCConfigurationList section */

/* Begin XCRemoteSwiftPackageReference section */
		60CBECCF26A850E70020703D /* XCRemoteSwiftPackageReference "lottie-ios" */ = {
			isa = XCRemoteSwiftPackageReference;
			repositoryURL = "https://github.com/airbnb/lottie-ios";
			requirement = {
				kind = upToNextMajorVersion;
				minimumVersion = 3.2.3;
			};
		};
/* End XCRemoteSwiftPackageReference section */

/* Begin XCSwiftPackageProductDependency section */
		60CBECD026A850E70020703D /* Lottie */ = {
			isa = XCSwiftPackageProductDependency;
			package = 60CBECCF26A850E70020703D /* XCRemoteSwiftPackageReference "lottie-ios" */;
			productName = Lottie;
		};
/* End XCSwiftPackageProductDependency section */

/* Begin XCVersionGroup section */
		60CBECE026A852050020703D /* DrawingCanvasCoreDataModel.xcdatamodeld */ = {
			isa = XCVersionGroup;
			children = (
				60CBECE126A852050020703D /* DrawingCanvas.xcdatamodel */,
			);
			currentVersion = 60CBECE126A852050020703D /* DrawingCanvas.xcdatamodel */;
			path = DrawingCanvasCoreDataModel.xcdatamodeld;
			sourceTree = "<group>";
			versionGroupType = wrapper.xcdatamodel;
		};
/* End XCVersionGroup section */
	};
	rootObject = 60CBECA326A84E3A0020703D /* Project object */;
}
